// !$*UTF8*$!
{
	archiveVersion = 1;
	classes = {
	};
	objectVersion = 56;
	objects = {

/* Begin PBXBuildFile section */
		BC3BE0722AAD171000BA0006 /* UIView+addRoundedCornersAndShadow.swift in Sources */ = {isa = PBXBuildFile; fileRef = BC3BE0712AAD171000BA0006 /* UIView+addRoundedCornersAndShadow.swift */; };
		BC3BE07A2AAD1F5E00BA0006 /* TicketsPresenter.swift in Sources */ = {isa = PBXBuildFile; fileRef = BC3BE0742AAD1F5E00BA0006 /* TicketsPresenter.swift */; };
		BC3BE07B2AAD1F5E00BA0006 /* TicketsWorker.swift in Sources */ = {isa = PBXBuildFile; fileRef = BC3BE0752AAD1F5E00BA0006 /* TicketsWorker.swift */; };
		BC3BE07C2AAD1F5E00BA0006 /* TicketsRouter.swift in Sources */ = {isa = PBXBuildFile; fileRef = BC3BE0762AAD1F5E00BA0006 /* TicketsRouter.swift */; };
		BC3BE07D2AAD1F5E00BA0006 /* TicketsModels.swift in Sources */ = {isa = PBXBuildFile; fileRef = BC3BE0772AAD1F5E00BA0006 /* TicketsModels.swift */; };
		BC3BE07E2AAD1F5E00BA0006 /* TicketsViewController.swift in Sources */ = {isa = PBXBuildFile; fileRef = BC3BE0782AAD1F5E00BA0006 /* TicketsViewController.swift */; };
		BC3BE07F2AAD1F5E00BA0006 /* TicketsInteractor.swift in Sources */ = {isa = PBXBuildFile; fileRef = BC3BE0792AAD1F5E00BA0006 /* TicketsInteractor.swift */; };
		BC3BE0812AAE67DD00BA0006 /* JsonMocks.swift in Sources */ = {isa = PBXBuildFile; fileRef = BC3BE0802AAE67DD00BA0006 /* JsonMocks.swift */; };
		BC3BE0842AAE6A6100BA0006 /* LogError.swift in Sources */ = {isa = PBXBuildFile; fileRef = BC3BE0832AAE6A6100BA0006 /* LogError.swift */; };
		BC3BE0872AAE6A9B00BA0006 /* NetworkManager.swift in Sources */ = {isa = PBXBuildFile; fileRef = BC3BE0862AAE6A9B00BA0006 /* NetworkManager.swift */; };
		BC3BE08A2AAE729300BA0006 /* NetworkImageView.swift in Sources */ = {isa = PBXBuildFile; fileRef = BC3BE0892AAE729300BA0006 /* NetworkImageView.swift */; };
		BC3BE08C2AAED1EC00BA0006 /* EventsTableViewHeader.swift in Sources */ = {isa = PBXBuildFile; fileRef = BC3BE08B2AAED1EC00BA0006 /* EventsTableViewHeader.swift */; };
		BC3BE08E2AAEDB3700BA0006 /* UIView+addTopAndBottomSeparators.swift in Sources */ = {isa = PBXBuildFile; fileRef = BC3BE08D2AAEDB3700BA0006 /* UIView+addTopAndBottomSeparators.swift */; };
		BC3BE0912AAEDF0800BA0006 /* LocationManager.swift in Sources */ = {isa = PBXBuildFile; fileRef = BC3BE0902AAEDF0800BA0006 /* LocationManager.swift */; };
		BC3BE0942AAF57E900BA0006 /* EventsMapTableViewCell.swift in Sources */ = {isa = PBXBuildFile; fileRef = BC3BE0932AAF57E900BA0006 /* EventsMapTableViewCell.swift */; };
		BC545EC02AACEA5100634334 /* EventsTableViewCell.swift in Sources */ = {isa = PBXBuildFile; fileRef = BC545EBF2AACEA5100634334 /* EventsTableViewCell.swift */; };
		BC545EC32AACF67300634334 /* Double+asCurrency.swift in Sources */ = {isa = PBXBuildFile; fileRef = BC545EC22AACF67300634334 /* Double+asCurrency.swift */; };
		BC545EC62AAD02D000634334 /* UIImage+convertToBlackAndWhite.swift in Sources */ = {isa = PBXBuildFile; fileRef = BC545EC52AAD02D000634334 /* UIImage+convertToBlackAndWhite.swift */; };
		BC545EC82AAD064500634334 /* Collection+safe.swift in Sources */ = {isa = PBXBuildFile; fileRef = BC545EC72AAD064500634334 /* Collection+safe.swift */; };
		BCA8C9712AB0BED100B9CFFD /* UserDefaultsManager.swift in Sources */ = {isa = PBXBuildFile; fileRef = BCA8C9702AB0BED100B9CFFD /* UserDefaultsManager.swift */; };
		BCA8C9732AB10D9900B9CFFD /* HapticFeedbackHelper.swift in Sources */ = {isa = PBXBuildFile; fileRef = BCA8C9722AB10D9900B9CFFD /* HapticFeedbackHelper.swift */; };
		BCA8C9752AB1287500B9CFFD /* TicketsTableViewCell.swift in Sources */ = {isa = PBXBuildFile; fileRef = BCA8C9742AB1287500B9CFFD /* TicketsTableViewCell.swift */; };
		BCC91E8F2AACD77B00DED263 /* AppDelegate.swift in Sources */ = {isa = PBXBuildFile; fileRef = BCC91E8E2AACD77B00DED263 /* AppDelegate.swift */; };
		BCC91E912AACD77B00DED263 /* SceneDelegate.swift in Sources */ = {isa = PBXBuildFile; fileRef = BCC91E902AACD77B00DED263 /* SceneDelegate.swift */; };
		BCC91E962AACD77B00DED263 /* Main.storyboard in Resources */ = {isa = PBXBuildFile; fileRef = BCC91E942AACD77B00DED263 /* Main.storyboard */; };
		BCC91E982AACD77C00DED263 /* Assets.xcassets in Resources */ = {isa = PBXBuildFile; fileRef = BCC91E972AACD77C00DED263 /* Assets.xcassets */; };
		BCC91E9B2AACD77C00DED263 /* LaunchScreen.storyboard in Resources */ = {isa = PBXBuildFile; fileRef = BCC91E992AACD77C00DED263 /* LaunchScreen.storyboard */; };
		BCC91EA62AACD77C00DED263 /* EventizeTests.swift in Sources */ = {isa = PBXBuildFile; fileRef = BCC91EA52AACD77C00DED263 /* EventizeTests.swift */; };
		BCC91EB02AACD77C00DED263 /* EventizeUITests.swift in Sources */ = {isa = PBXBuildFile; fileRef = BCC91EAF2AACD77C00DED263 /* EventizeUITests.swift */; };
		BCC91EB22AACD77C00DED263 /* EventizeUITestsLaunchTests.swift in Sources */ = {isa = PBXBuildFile; fileRef = BCC91EB12AACD77C00DED263 /* EventizeUITestsLaunchTests.swift */; };
		BCC91F0A2AACD8AB00DED263 /* EventsModels.swift in Sources */ = {isa = PBXBuildFile; fileRef = BCC91F042AACD8AB00DED263 /* EventsModels.swift */; };
		BCC91F0B2AACD8AB00DED263 /* EventsInteractor.swift in Sources */ = {isa = PBXBuildFile; fileRef = BCC91F052AACD8AB00DED263 /* EventsInteractor.swift */; };
		BCC91F0C2AACD8AB00DED263 /* EventsViewController.swift in Sources */ = {isa = PBXBuildFile; fileRef = BCC91F062AACD8AB00DED263 /* EventsViewController.swift */; };
		BCC91F0D2AACD8AB00DED263 /* EventsPresenter.swift in Sources */ = {isa = PBXBuildFile; fileRef = BCC91F072AACD8AB00DED263 /* EventsPresenter.swift */; };
		BCC91F0E2AACD8AB00DED263 /* EventsWorker.swift in Sources */ = {isa = PBXBuildFile; fileRef = BCC91F082AACD8AB00DED263 /* EventsWorker.swift */; };
		BCC91F0F2AACD8AB00DED263 /* EventsRouter.swift in Sources */ = {isa = PBXBuildFile; fileRef = BCC91F092AACD8AB00DED263 /* EventsRouter.swift */; };
		BCC91F162AACD8BD00DED263 /* HomeWorker.swift in Sources */ = {isa = PBXBuildFile; fileRef = BCC91F102AACD8BD00DED263 /* HomeWorker.swift */; };
		BCC91F172AACD8BD00DED263 /* HomePresenter.swift in Sources */ = {isa = PBXBuildFile; fileRef = BCC91F112AACD8BD00DED263 /* HomePresenter.swift */; };
		BCC91F182AACD8BD00DED263 /* HomeViewController.swift in Sources */ = {isa = PBXBuildFile; fileRef = BCC91F122AACD8BD00DED263 /* HomeViewController.swift */; };
		BCC91F192AACD8BD00DED263 /* HomeInteractor.swift in Sources */ = {isa = PBXBuildFile; fileRef = BCC91F132AACD8BD00DED263 /* HomeInteractor.swift */; };
		BCC91F1A2AACD8BD00DED263 /* HomeModels.swift in Sources */ = {isa = PBXBuildFile; fileRef = BCC91F142AACD8BD00DED263 /* HomeModels.swift */; };
		BCC91F1B2AACD8BD00DED263 /* HomeRouter.swift in Sources */ = {isa = PBXBuildFile; fileRef = BCC91F152AACD8BD00DED263 /* HomeRouter.swift */; };
		BCC91F222AACD8C300DED263 /* LoginInteractor.swift in Sources */ = {isa = PBXBuildFile; fileRef = BCC91F1C2AACD8C300DED263 /* LoginInteractor.swift */; };
		BCC91F232AACD8C300DED263 /* LoginPresenter.swift in Sources */ = {isa = PBXBuildFile; fileRef = BCC91F1D2AACD8C300DED263 /* LoginPresenter.swift */; };
		BCC91F242AACD8C300DED263 /* LoginViewController.swift in Sources */ = {isa = PBXBuildFile; fileRef = BCC91F1E2AACD8C300DED263 /* LoginViewController.swift */; };
		BCC91F252AACD8C300DED263 /* LoginWorker.swift in Sources */ = {isa = PBXBuildFile; fileRef = BCC91F1F2AACD8C300DED263 /* LoginWorker.swift */; };
		BCC91F262AACD8C300DED263 /* LoginModels.swift in Sources */ = {isa = PBXBuildFile; fileRef = BCC91F202AACD8C300DED263 /* LoginModels.swift */; };
		BCC91F272AACD8C300DED263 /* LoginRouter.swift in Sources */ = {isa = PBXBuildFile; fileRef = BCC91F212AACD8C300DED263 /* LoginRouter.swift */; };
		BCC91F2E2AACD8D000DED263 /* ProfileInteractor.swift in Sources */ = {isa = PBXBuildFile; fileRef = BCC91F282AACD8D000DED263 /* ProfileInteractor.swift */; };
		BCC91F2F2AACD8D000DED263 /* ProfileWorker.swift in Sources */ = {isa = PBXBuildFile; fileRef = BCC91F292AACD8D000DED263 /* ProfileWorker.swift */; };
		BCC91F302AACD8D000DED263 /* ProfilePresenter.swift in Sources */ = {isa = PBXBuildFile; fileRef = BCC91F2A2AACD8D000DED263 /* ProfilePresenter.swift */; };
		BCC91F312AACD8D000DED263 /* ProfileViewController.swift in Sources */ = {isa = PBXBuildFile; fileRef = BCC91F2B2AACD8D000DED263 /* ProfileViewController.swift */; };
		BCC91F322AACD8D000DED263 /* ProfileRouter.swift in Sources */ = {isa = PBXBuildFile; fileRef = BCC91F2C2AACD8D000DED263 /* ProfileRouter.swift */; };
		BCC91F332AACD8D000DED263 /* ProfileModels.swift in Sources */ = {isa = PBXBuildFile; fileRef = BCC91F2D2AACD8D000DED263 /* ProfileModels.swift */; };
		BCC91F3A2AACD8D400DED263 /* RegisterPresenter.swift in Sources */ = {isa = PBXBuildFile; fileRef = BCC91F342AACD8D400DED263 /* RegisterPresenter.swift */; };
		BCC91F3B2AACD8D400DED263 /* RegisterViewController.swift in Sources */ = {isa = PBXBuildFile; fileRef = BCC91F352AACD8D400DED263 /* RegisterViewController.swift */; };
		BCC91F3C2AACD8D400DED263 /* RegisterModels.swift in Sources */ = {isa = PBXBuildFile; fileRef = BCC91F362AACD8D400DED263 /* RegisterModels.swift */; };
		BCC91F3D2AACD8D400DED263 /* RegisterRouter.swift in Sources */ = {isa = PBXBuildFile; fileRef = BCC91F372AACD8D400DED263 /* RegisterRouter.swift */; };
		BCC91F3E2AACD8D400DED263 /* RegisterInteractor.swift in Sources */ = {isa = PBXBuildFile; fileRef = BCC91F382AACD8D400DED263 /* RegisterInteractor.swift */; };
		BCC91F3F2AACD8D400DED263 /* RegisterWorker.swift in Sources */ = {isa = PBXBuildFile; fileRef = BCC91F392AACD8D400DED263 /* RegisterWorker.swift */; };
		BCC91F412AACD94C00DED263 /* GoogleService-Info.plist in Resources */ = {isa = PBXBuildFile; fileRef = BCC91F402AACD94C00DED263 /* GoogleService-Info.plist */; };
		BCC91F442AACD9E000DED263 /* FirebaseAnalytics in Frameworks */ = {isa = PBXBuildFile; productRef = BCC91F432AACD9E000DED263 /* FirebaseAnalytics */; };
		BCC91F462AACD9E000DED263 /* FirebaseAuth in Frameworks */ = {isa = PBXBuildFile; productRef = BCC91F452AACD9E000DED263 /* FirebaseAuth */; };
		BCC91F482AACD9E000DED263 /* FirebaseFirestore in Frameworks */ = {isa = PBXBuildFile; productRef = BCC91F472AACD9E000DED263 /* FirebaseFirestore */; };
		BCC91F502AACDD5200DED263 /* EventPresenter.swift in Sources */ = {isa = PBXBuildFile; fileRef = BCC91F4A2AACDD5200DED263 /* EventPresenter.swift */; };
		BCC91F512AACDD5200DED263 /* EventWorker.swift in Sources */ = {isa = PBXBuildFile; fileRef = BCC91F4B2AACDD5200DED263 /* EventWorker.swift */; };
		BCC91F522AACDD5200DED263 /* EventRouter.swift in Sources */ = {isa = PBXBuildFile; fileRef = BCC91F4C2AACDD5200DED263 /* EventRouter.swift */; };
		BCC91F532AACDD5200DED263 /* EventModels.swift in Sources */ = {isa = PBXBuildFile; fileRef = BCC91F4D2AACDD5200DED263 /* EventModels.swift */; };
		BCC91F542AACDD5200DED263 /* EventViewController.swift in Sources */ = {isa = PBXBuildFile; fileRef = BCC91F4E2AACDD5200DED263 /* EventViewController.swift */; };
		BCC91F552AACDD5200DED263 /* EventInteractor.swift in Sources */ = {isa = PBXBuildFile; fileRef = BCC91F4F2AACDD5200DED263 /* EventInteractor.swift */; };
/* End PBXBuildFile section */

/* Begin PBXContainerItemProxy section */
		BCC91EA22AACD77C00DED263 /* PBXContainerItemProxy */ = {
			isa = PBXContainerItemProxy;
			containerPortal = BCC91E832AACD77B00DED263 /* Project object */;
			proxyType = 1;
			remoteGlobalIDString = BCC91E8A2AACD77B00DED263;
			remoteInfo = Eventize;
		};
		BCC91EAC2AACD77C00DED263 /* PBXContainerItemProxy */ = {
			isa = PBXContainerItemProxy;
			containerPortal = BCC91E832AACD77B00DED263 /* Project object */;
			proxyType = 1;
			remoteGlobalIDString = BCC91E8A2AACD77B00DED263;
			remoteInfo = Eventize;
		};
/* End PBXContainerItemProxy section */

/* Begin PBXFileReference section */
		BC3BE0712AAD171000BA0006 /* UIView+addRoundedCornersAndShadow.swift */ = {isa = PBXFileReference; lastKnownFileType = sourcecode.swift; path = "UIView+addRoundedCornersAndShadow.swift"; sourceTree = "<group>"; };
		BC3BE0742AAD1F5E00BA0006 /* TicketsPresenter.swift */ = {isa = PBXFileReference; lastKnownFileType = sourcecode.swift; path = TicketsPresenter.swift; sourceTree = "<group>"; };
		BC3BE0752AAD1F5E00BA0006 /* TicketsWorker.swift */ = {isa = PBXFileReference; lastKnownFileType = sourcecode.swift; path = TicketsWorker.swift; sourceTree = "<group>"; };
		BC3BE0762AAD1F5E00BA0006 /* TicketsRouter.swift */ = {isa = PBXFileReference; lastKnownFileType = sourcecode.swift; path = TicketsRouter.swift; sourceTree = "<group>"; };
		BC3BE0772AAD1F5E00BA0006 /* TicketsModels.swift */ = {isa = PBXFileReference; lastKnownFileType = sourcecode.swift; path = TicketsModels.swift; sourceTree = "<group>"; };
		BC3BE0782AAD1F5E00BA0006 /* TicketsViewController.swift */ = {isa = PBXFileReference; lastKnownFileType = sourcecode.swift; path = TicketsViewController.swift; sourceTree = "<group>"; };
		BC3BE0792AAD1F5E00BA0006 /* TicketsInteractor.swift */ = {isa = PBXFileReference; lastKnownFileType = sourcecode.swift; path = TicketsInteractor.swift; sourceTree = "<group>"; };
		BC3BE0802AAE67DD00BA0006 /* JsonMocks.swift */ = {isa = PBXFileReference; lastKnownFileType = sourcecode.swift; path = JsonMocks.swift; sourceTree = "<group>"; };
		BC3BE0832AAE6A6100BA0006 /* LogError.swift */ = {isa = PBXFileReference; lastKnownFileType = sourcecode.swift; path = LogError.swift; sourceTree = "<group>"; };
		BC3BE0862AAE6A9B00BA0006 /* NetworkManager.swift */ = {isa = PBXFileReference; lastKnownFileType = sourcecode.swift; path = NetworkManager.swift; sourceTree = "<group>"; };
		BC3BE0892AAE729300BA0006 /* NetworkImageView.swift */ = {isa = PBXFileReference; lastKnownFileType = sourcecode.swift; path = NetworkImageView.swift; sourceTree = "<group>"; };
		BC3BE08B2AAED1EC00BA0006 /* EventsTableViewHeader.swift */ = {isa = PBXFileReference; lastKnownFileType = sourcecode.swift; path = EventsTableViewHeader.swift; sourceTree = "<group>"; };
		BC3BE08D2AAEDB3700BA0006 /* UIView+addTopAndBottomSeparators.swift */ = {isa = PBXFileReference; lastKnownFileType = sourcecode.swift; path = "UIView+addTopAndBottomSeparators.swift"; sourceTree = "<group>"; };
		BC3BE0902AAEDF0800BA0006 /* LocationManager.swift */ = {isa = PBXFileReference; lastKnownFileType = sourcecode.swift; path = LocationManager.swift; sourceTree = "<group>"; };
		BC3BE0932AAF57E900BA0006 /* EventsMapTableViewCell.swift */ = {isa = PBXFileReference; lastKnownFileType = sourcecode.swift; path = EventsMapTableViewCell.swift; sourceTree = "<group>"; };
		BC545EBF2AACEA5100634334 /* EventsTableViewCell.swift */ = {isa = PBXFileReference; lastKnownFileType = sourcecode.swift; path = EventsTableViewCell.swift; sourceTree = "<group>"; };
		BC545EC22AACF67300634334 /* Double+asCurrency.swift */ = {isa = PBXFileReference; lastKnownFileType = sourcecode.swift; path = "Double+asCurrency.swift"; sourceTree = "<group>"; };
		BC545EC52AAD02D000634334 /* UIImage+convertToBlackAndWhite.swift */ = {isa = PBXFileReference; lastKnownFileType = sourcecode.swift; path = "UIImage+convertToBlackAndWhite.swift"; sourceTree = "<group>"; };
		BC545EC72AAD064500634334 /* Collection+safe.swift */ = {isa = PBXFileReference; lastKnownFileType = sourcecode.swift; path = "Collection+safe.swift"; sourceTree = "<group>"; };
		BCA8C9702AB0BED100B9CFFD /* UserDefaultsManager.swift */ = {isa = PBXFileReference; lastKnownFileType = sourcecode.swift; path = UserDefaultsManager.swift; sourceTree = "<group>"; };
		BCA8C9722AB10D9900B9CFFD /* HapticFeedbackHelper.swift */ = {isa = PBXFileReference; lastKnownFileType = sourcecode.swift; path = HapticFeedbackHelper.swift; sourceTree = "<group>"; };
		BCA8C9742AB1287500B9CFFD /* TicketsTableViewCell.swift */ = {isa = PBXFileReference; lastKnownFileType = sourcecode.swift; path = TicketsTableViewCell.swift; sourceTree = "<group>"; };
		BCC91E8B2AACD77B00DED263 /* Eventize.app */ = {isa = PBXFileReference; explicitFileType = wrapper.application; includeInIndex = 0; path = Eventize.app; sourceTree = BUILT_PRODUCTS_DIR; };
		BCC91E8E2AACD77B00DED263 /* AppDelegate.swift */ = {isa = PBXFileReference; lastKnownFileType = sourcecode.swift; path = AppDelegate.swift; sourceTree = "<group>"; };
		BCC91E902AACD77B00DED263 /* SceneDelegate.swift */ = {isa = PBXFileReference; lastKnownFileType = sourcecode.swift; path = SceneDelegate.swift; sourceTree = "<group>"; };
		BCC91E952AACD77B00DED263 /* Base */ = {isa = PBXFileReference; lastKnownFileType = file.storyboard; name = Base; path = Base.lproj/Main.storyboard; sourceTree = "<group>"; };
		BCC91E972AACD77C00DED263 /* Assets.xcassets */ = {isa = PBXFileReference; lastKnownFileType = folder.assetcatalog; path = Assets.xcassets; sourceTree = "<group>"; };
		BCC91E9A2AACD77C00DED263 /* Base */ = {isa = PBXFileReference; lastKnownFileType = file.storyboard; name = Base; path = Base.lproj/LaunchScreen.storyboard; sourceTree = "<group>"; };
		BCC91E9C2AACD77C00DED263 /* Info.plist */ = {isa = PBXFileReference; lastKnownFileType = text.plist.xml; path = Info.plist; sourceTree = "<group>"; };
		BCC91EA12AACD77C00DED263 /* EventizeTests.xctest */ = {isa = PBXFileReference; explicitFileType = wrapper.cfbundle; includeInIndex = 0; path = EventizeTests.xctest; sourceTree = BUILT_PRODUCTS_DIR; };
		BCC91EA52AACD77C00DED263 /* EventizeTests.swift */ = {isa = PBXFileReference; lastKnownFileType = sourcecode.swift; path = EventizeTests.swift; sourceTree = "<group>"; };
		BCC91EAB2AACD77C00DED263 /* EventizeUITests.xctest */ = {isa = PBXFileReference; explicitFileType = wrapper.cfbundle; includeInIndex = 0; path = EventizeUITests.xctest; sourceTree = BUILT_PRODUCTS_DIR; };
		BCC91EAF2AACD77C00DED263 /* EventizeUITests.swift */ = {isa = PBXFileReference; lastKnownFileType = sourcecode.swift; path = EventizeUITests.swift; sourceTree = "<group>"; };
		BCC91EB12AACD77C00DED263 /* EventizeUITestsLaunchTests.swift */ = {isa = PBXFileReference; lastKnownFileType = sourcecode.swift; path = EventizeUITestsLaunchTests.swift; sourceTree = "<group>"; };
		BCC91F042AACD8AB00DED263 /* EventsModels.swift */ = {isa = PBXFileReference; fileEncoding = 4; lastKnownFileType = sourcecode.swift; path = EventsModels.swift; sourceTree = "<group>"; };
		BCC91F052AACD8AB00DED263 /* EventsInteractor.swift */ = {isa = PBXFileReference; fileEncoding = 4; lastKnownFileType = sourcecode.swift; path = EventsInteractor.swift; sourceTree = "<group>"; };
		BCC91F062AACD8AB00DED263 /* EventsViewController.swift */ = {isa = PBXFileReference; fileEncoding = 4; lastKnownFileType = sourcecode.swift; path = EventsViewController.swift; sourceTree = "<group>"; };
		BCC91F072AACD8AB00DED263 /* EventsPresenter.swift */ = {isa = PBXFileReference; fileEncoding = 4; lastKnownFileType = sourcecode.swift; path = EventsPresenter.swift; sourceTree = "<group>"; };
		BCC91F082AACD8AB00DED263 /* EventsWorker.swift */ = {isa = PBXFileReference; fileEncoding = 4; lastKnownFileType = sourcecode.swift; path = EventsWorker.swift; sourceTree = "<group>"; };
		BCC91F092AACD8AB00DED263 /* EventsRouter.swift */ = {isa = PBXFileReference; fileEncoding = 4; lastKnownFileType = sourcecode.swift; path = EventsRouter.swift; sourceTree = "<group>"; };
		BCC91F102AACD8BD00DED263 /* HomeWorker.swift */ = {isa = PBXFileReference; fileEncoding = 4; lastKnownFileType = sourcecode.swift; path = HomeWorker.swift; sourceTree = "<group>"; };
		BCC91F112AACD8BD00DED263 /* HomePresenter.swift */ = {isa = PBXFileReference; fileEncoding = 4; lastKnownFileType = sourcecode.swift; path = HomePresenter.swift; sourceTree = "<group>"; };
		BCC91F122AACD8BD00DED263 /* HomeViewController.swift */ = {isa = PBXFileReference; fileEncoding = 4; lastKnownFileType = sourcecode.swift; path = HomeViewController.swift; sourceTree = "<group>"; };
		BCC91F132AACD8BD00DED263 /* HomeInteractor.swift */ = {isa = PBXFileReference; fileEncoding = 4; lastKnownFileType = sourcecode.swift; path = HomeInteractor.swift; sourceTree = "<group>"; };
		BCC91F142AACD8BD00DED263 /* HomeModels.swift */ = {isa = PBXFileReference; fileEncoding = 4; lastKnownFileType = sourcecode.swift; path = HomeModels.swift; sourceTree = "<group>"; };
		BCC91F152AACD8BD00DED263 /* HomeRouter.swift */ = {isa = PBXFileReference; fileEncoding = 4; lastKnownFileType = sourcecode.swift; path = HomeRouter.swift; sourceTree = "<group>"; };
		BCC91F1C2AACD8C300DED263 /* LoginInteractor.swift */ = {isa = PBXFileReference; fileEncoding = 4; lastKnownFileType = sourcecode.swift; path = LoginInteractor.swift; sourceTree = "<group>"; };
		BCC91F1D2AACD8C300DED263 /* LoginPresenter.swift */ = {isa = PBXFileReference; fileEncoding = 4; lastKnownFileType = sourcecode.swift; path = LoginPresenter.swift; sourceTree = "<group>"; };
		BCC91F1E2AACD8C300DED263 /* LoginViewController.swift */ = {isa = PBXFileReference; fileEncoding = 4; lastKnownFileType = sourcecode.swift; path = LoginViewController.swift; sourceTree = "<group>"; };
		BCC91F1F2AACD8C300DED263 /* LoginWorker.swift */ = {isa = PBXFileReference; fileEncoding = 4; lastKnownFileType = sourcecode.swift; path = LoginWorker.swift; sourceTree = "<group>"; };
		BCC91F202AACD8C300DED263 /* LoginModels.swift */ = {isa = PBXFileReference; fileEncoding = 4; lastKnownFileType = sourcecode.swift; path = LoginModels.swift; sourceTree = "<group>"; };
		BCC91F212AACD8C300DED263 /* LoginRouter.swift */ = {isa = PBXFileReference; fileEncoding = 4; lastKnownFileType = sourcecode.swift; path = LoginRouter.swift; sourceTree = "<group>"; };
		BCC91F282AACD8D000DED263 /* ProfileInteractor.swift */ = {isa = PBXFileReference; fileEncoding = 4; lastKnownFileType = sourcecode.swift; path = ProfileInteractor.swift; sourceTree = "<group>"; };
		BCC91F292AACD8D000DED263 /* ProfileWorker.swift */ = {isa = PBXFileReference; fileEncoding = 4; lastKnownFileType = sourcecode.swift; path = ProfileWorker.swift; sourceTree = "<group>"; };
		BCC91F2A2AACD8D000DED263 /* ProfilePresenter.swift */ = {isa = PBXFileReference; fileEncoding = 4; lastKnownFileType = sourcecode.swift; path = ProfilePresenter.swift; sourceTree = "<group>"; };
		BCC91F2B2AACD8D000DED263 /* ProfileViewController.swift */ = {isa = PBXFileReference; fileEncoding = 4; lastKnownFileType = sourcecode.swift; path = ProfileViewController.swift; sourceTree = "<group>"; };
		BCC91F2C2AACD8D000DED263 /* ProfileRouter.swift */ = {isa = PBXFileReference; fileEncoding = 4; lastKnownFileType = sourcecode.swift; path = ProfileRouter.swift; sourceTree = "<group>"; };
		BCC91F2D2AACD8D000DED263 /* ProfileModels.swift */ = {isa = PBXFileReference; fileEncoding = 4; lastKnownFileType = sourcecode.swift; path = ProfileModels.swift; sourceTree = "<group>"; };
		BCC91F342AACD8D400DED263 /* RegisterPresenter.swift */ = {isa = PBXFileReference; fileEncoding = 4; lastKnownFileType = sourcecode.swift; path = RegisterPresenter.swift; sourceTree = "<group>"; };
		BCC91F352AACD8D400DED263 /* RegisterViewController.swift */ = {isa = PBXFileReference; fileEncoding = 4; lastKnownFileType = sourcecode.swift; path = RegisterViewController.swift; sourceTree = "<group>"; };
		BCC91F362AACD8D400DED263 /* RegisterModels.swift */ = {isa = PBXFileReference; fileEncoding = 4; lastKnownFileType = sourcecode.swift; path = RegisterModels.swift; sourceTree = "<group>"; };
		BCC91F372AACD8D400DED263 /* RegisterRouter.swift */ = {isa = PBXFileReference; fileEncoding = 4; lastKnownFileType = sourcecode.swift; path = RegisterRouter.swift; sourceTree = "<group>"; };
		BCC91F382AACD8D400DED263 /* RegisterInteractor.swift */ = {isa = PBXFileReference; fileEncoding = 4; lastKnownFileType = sourcecode.swift; path = RegisterInteractor.swift; sourceTree = "<group>"; };
		BCC91F392AACD8D400DED263 /* RegisterWorker.swift */ = {isa = PBXFileReference; fileEncoding = 4; lastKnownFileType = sourcecode.swift; path = RegisterWorker.swift; sourceTree = "<group>"; };
		BCC91F402AACD94C00DED263 /* GoogleService-Info.plist */ = {isa = PBXFileReference; fileEncoding = 4; lastKnownFileType = text.plist.xml; path = "GoogleService-Info.plist"; sourceTree = "<group>"; };
		BCC91F4A2AACDD5200DED263 /* EventPresenter.swift */ = {isa = PBXFileReference; lastKnownFileType = sourcecode.swift; path = EventPresenter.swift; sourceTree = "<group>"; };
		BCC91F4B2AACDD5200DED263 /* EventWorker.swift */ = {isa = PBXFileReference; lastKnownFileType = sourcecode.swift; path = EventWorker.swift; sourceTree = "<group>"; };
		BCC91F4C2AACDD5200DED263 /* EventRouter.swift */ = {isa = PBXFileReference; lastKnownFileType = sourcecode.swift; path = EventRouter.swift; sourceTree = "<group>"; };
		BCC91F4D2AACDD5200DED263 /* EventModels.swift */ = {isa = PBXFileReference; lastKnownFileType = sourcecode.swift; path = EventModels.swift; sourceTree = "<group>"; };
		BCC91F4E2AACDD5200DED263 /* EventViewController.swift */ = {isa = PBXFileReference; lastKnownFileType = sourcecode.swift; path = EventViewController.swift; sourceTree = "<group>"; };
		BCC91F4F2AACDD5200DED263 /* EventInteractor.swift */ = {isa = PBXFileReference; lastKnownFileType = sourcecode.swift; path = EventInteractor.swift; sourceTree = "<group>"; };
/* End PBXFileReference section */

/* Begin PBXFrameworksBuildPhase section */
		BCC91E882AACD77B00DED263 /* Frameworks */ = {
			isa = PBXFrameworksBuildPhase;
			buildActionMask = 2147483647;
			files = (
				BCC91F442AACD9E000DED263 /* FirebaseAnalytics in Frameworks */,
				BCC91F462AACD9E000DED263 /* FirebaseAuth in Frameworks */,
				BCC91F482AACD9E000DED263 /* FirebaseFirestore in Frameworks */,
			);
			runOnlyForDeploymentPostprocessing = 0;
		};
		BCC91E9E2AACD77C00DED263 /* Frameworks */ = {
			isa = PBXFrameworksBuildPhase;
			buildActionMask = 2147483647;
			files = (
			);
			runOnlyForDeploymentPostprocessing = 0;
		};
		BCC91EA82AACD77C00DED263 /* Frameworks */ = {
			isa = PBXFrameworksBuildPhase;
			buildActionMask = 2147483647;
			files = (
			);
			runOnlyForDeploymentPostprocessing = 0;
		};
/* End PBXFrameworksBuildPhase section */

/* Begin PBXGroup section */
		BC3BE0732AAD1F4800BA0006 /* Tickets */ = {
			isa = PBXGroup;
			children = (
				BC3BE0742AAD1F5E00BA0006 /* TicketsPresenter.swift */,
				BC3BE0752AAD1F5E00BA0006 /* TicketsWorker.swift */,
				BC3BE0762AAD1F5E00BA0006 /* TicketsRouter.swift */,
				BC3BE0772AAD1F5E00BA0006 /* TicketsModels.swift */,
				BC3BE0782AAD1F5E00BA0006 /* TicketsViewController.swift */,
				BC3BE0792AAD1F5E00BA0006 /* TicketsInteractor.swift */,
				BCA8C9742AB1287500B9CFFD /* TicketsTableViewCell.swift */,
			);
			path = Tickets;
			sourceTree = "<group>";
		};
		BC3BE0822AAE6A5600BA0006 /* Networking */ = {
			isa = PBXGroup;
			children = (
				BC3BE0802AAE67DD00BA0006 /* JsonMocks.swift */,
				BC3BE0832AAE6A6100BA0006 /* LogError.swift */,
				BC3BE0862AAE6A9B00BA0006 /* NetworkManager.swift */,
			);
			path = Networking;
			sourceTree = "<group>";
		};
		BC3BE0882AAE728500BA0006 /* Components */ = {
			isa = PBXGroup;
			children = (
				BC3BE0892AAE729300BA0006 /* NetworkImageView.swift */,
			);
			path = Components;
			sourceTree = "<group>";
		};
		BC3BE08F2AAEDEFA00BA0006 /* Helpers */ = {
			isa = PBXGroup;
			children = (
				BC3BE0902AAEDF0800BA0006 /* LocationManager.swift */,
				BCA8C9702AB0BED100B9CFFD /* UserDefaultsManager.swift */,
				BCA8C9722AB10D9900B9CFFD /* HapticFeedbackHelper.swift */,
			);
			path = Helpers;
			sourceTree = "<group>";
		};
		BC3BE0922AAF57CD00BA0006 /* TableViewCells */ = {
			isa = PBXGroup;
			children = (
				BC545EBF2AACEA5100634334 /* EventsTableViewCell.swift */,
				BC3BE08B2AAED1EC00BA0006 /* EventsTableViewHeader.swift */,
				BC3BE0932AAF57E900BA0006 /* EventsMapTableViewCell.swift */,
			);
			path = TableViewCells;
			sourceTree = "<group>";
		};
		BC545EC12AACF65300634334 /* Extensions */ = {
			isa = PBXGroup;
			children = (
				BC545EC22AACF67300634334 /* Double+asCurrency.swift */,
				BC545EC52AAD02D000634334 /* UIImage+convertToBlackAndWhite.swift */,
				BC545EC72AAD064500634334 /* Collection+safe.swift */,
				BC3BE0712AAD171000BA0006 /* UIView+addRoundedCornersAndShadow.swift */,
				BC3BE08D2AAEDB3700BA0006 /* UIView+addTopAndBottomSeparators.swift */,
			);
			path = Extensions;
			sourceTree = "<group>";
		};
		BCC91E822AACD77B00DED263 = {
			isa = PBXGroup;
			children = (
				BCC91E8D2AACD77B00DED263 /* Eventize */,
				BCC91EA42AACD77C00DED263 /* EventizeTests */,
				BCC91EAE2AACD77C00DED263 /* EventizeUITests */,
				BCC91E8C2AACD77B00DED263 /* Products */,
			);
			sourceTree = "<group>";
		};
		BCC91E8C2AACD77B00DED263 /* Products */ = {
			isa = PBXGroup;
			children = (
				BCC91E8B2AACD77B00DED263 /* Eventize.app */,
				BCC91EA12AACD77C00DED263 /* EventizeTests.xctest */,
				BCC91EAB2AACD77C00DED263 /* EventizeUITests.xctest */,
			);
			name = Products;
			sourceTree = "<group>";
		};
		BCC91E8D2AACD77B00DED263 /* Eventize */ = {
			isa = PBXGroup;
			children = (
				BC3BE08F2AAEDEFA00BA0006 /* Helpers */,
				BC3BE0882AAE728500BA0006 /* Components */,
				BC3BE0822AAE6A5600BA0006 /* Networking */,
				BC545EC12AACF65300634334 /* Extensions */,
				BCC91EC12AACD80B00DED263 /* Application */,
				BCC91EC02AACD7D000DED263 /* Resources */,
				BCC91EC22AACD82700DED263 /* Scenes */,
				BCC91E9C2AACD77C00DED263 /* Info.plist */,
				BCC91F402AACD94C00DED263 /* GoogleService-Info.plist */,
			);
			path = Eventize;
			sourceTree = "<group>";
		};
		BCC91EA42AACD77C00DED263 /* EventizeTests */ = {
			isa = PBXGroup;
			children = (
				BCC91EA52AACD77C00DED263 /* EventizeTests.swift */,
			);
			path = EventizeTests;
			sourceTree = "<group>";
		};
		BCC91EAE2AACD77C00DED263 /* EventizeUITests */ = {
			isa = PBXGroup;
			children = (
				BCC91EAF2AACD77C00DED263 /* EventizeUITests.swift */,
				BCC91EB12AACD77C00DED263 /* EventizeUITestsLaunchTests.swift */,
			);
			path = EventizeUITests;
			sourceTree = "<group>";
		};
		BCC91EC02AACD7D000DED263 /* Resources */ = {
			isa = PBXGroup;
			children = (
				BCC91E942AACD77B00DED263 /* Main.storyboard */,
				BCC91E992AACD77C00DED263 /* LaunchScreen.storyboard */,
				BCC91E972AACD77C00DED263 /* Assets.xcassets */,
			);
			path = Resources;
			sourceTree = "<group>";
		};
		BCC91EC12AACD80B00DED263 /* Application */ = {
			isa = PBXGroup;
			children = (
				BCC91E8E2AACD77B00DED263 /* AppDelegate.swift */,
				BCC91E902AACD77B00DED263 /* SceneDelegate.swift */,
			);
			path = Application;
			sourceTree = "<group>";
		};
		BCC91EC22AACD82700DED263 /* Scenes */ = {
			isa = PBXGroup;
			children = (
				BC3BE0732AAD1F4800BA0006 /* Tickets */,
				BCC91F492AACDD3B00DED263 /* Event */,
				BCC91EC72AACD85300DED263 /* Register */,
				BCC91EC62AACD84F00DED263 /* Profile */,
				BCC91EC52AACD84B00DED263 /* Login */,
				BCC91EC42AACD84700DED263 /* Home */,
				BCC91EC32AACD83C00DED263 /* Events */,
			);
			path = Scenes;
			sourceTree = "<group>";
		};
		BCC91EC32AACD83C00DED263 /* Events */ = {
			isa = PBXGroup;
			children = (
				BC3BE0922AAF57CD00BA0006 /* TableViewCells */,
				BCC91F052AACD8AB00DED263 /* EventsInteractor.swift */,
				BCC91F042AACD8AB00DED263 /* EventsModels.swift */,
				BCC91F072AACD8AB00DED263 /* EventsPresenter.swift */,
				BCC91F092AACD8AB00DED263 /* EventsRouter.swift */,
				BCC91F062AACD8AB00DED263 /* EventsViewController.swift */,
				BCC91F082AACD8AB00DED263 /* EventsWorker.swift */,
			);
			path = Events;
			sourceTree = "<group>";
		};
		BCC91EC42AACD84700DED263 /* Home */ = {
			isa = PBXGroup;
			children = (
				BCC91F132AACD8BD00DED263 /* HomeInteractor.swift */,
				BCC91F142AACD8BD00DED263 /* HomeModels.swift */,
				BCC91F112AACD8BD00DED263 /* HomePresenter.swift */,
				BCC91F152AACD8BD00DED263 /* HomeRouter.swift */,
				BCC91F122AACD8BD00DED263 /* HomeViewController.swift */,
				BCC91F102AACD8BD00DED263 /* HomeWorker.swift */,
			);
			path = Home;
			sourceTree = "<group>";
		};
		BCC91EC52AACD84B00DED263 /* Login */ = {
			isa = PBXGroup;
			children = (
				BCC91F1C2AACD8C300DED263 /* LoginInteractor.swift */,
				BCC91F202AACD8C300DED263 /* LoginModels.swift */,
				BCC91F1D2AACD8C300DED263 /* LoginPresenter.swift */,
				BCC91F212AACD8C300DED263 /* LoginRouter.swift */,
				BCC91F1E2AACD8C300DED263 /* LoginViewController.swift */,
				BCC91F1F2AACD8C300DED263 /* LoginWorker.swift */,
			);
			path = Login;
			sourceTree = "<group>";
		};
		BCC91EC62AACD84F00DED263 /* Profile */ = {
			isa = PBXGroup;
			children = (
				BCC91F282AACD8D000DED263 /* ProfileInteractor.swift */,
				BCC91F2D2AACD8D000DED263 /* ProfileModels.swift */,
				BCC91F2A2AACD8D000DED263 /* ProfilePresenter.swift */,
				BCC91F2C2AACD8D000DED263 /* ProfileRouter.swift */,
				BCC91F2B2AACD8D000DED263 /* ProfileViewController.swift */,
				BCC91F292AACD8D000DED263 /* ProfileWorker.swift */,
			);
			path = Profile;
			sourceTree = "<group>";
		};
		BCC91EC72AACD85300DED263 /* Register */ = {
			isa = PBXGroup;
			children = (
				BCC91F382AACD8D400DED263 /* RegisterInteractor.swift */,
				BCC91F362AACD8D400DED263 /* RegisterModels.swift */,
				BCC91F342AACD8D400DED263 /* RegisterPresenter.swift */,
				BCC91F372AACD8D400DED263 /* RegisterRouter.swift */,
				BCC91F352AACD8D400DED263 /* RegisterViewController.swift */,
				BCC91F392AACD8D400DED263 /* RegisterWorker.swift */,
			);
			path = Register;
			sourceTree = "<group>";
		};
		BCC91F492AACDD3B00DED263 /* Event */ = {
			isa = PBXGroup;
			children = (
				BCC91F4A2AACDD5200DED263 /* EventPresenter.swift */,
				BCC91F4B2AACDD5200DED263 /* EventWorker.swift */,
				BCC91F4C2AACDD5200DED263 /* EventRouter.swift */,
				BCC91F4D2AACDD5200DED263 /* EventModels.swift */,
				BCC91F4E2AACDD5200DED263 /* EventViewController.swift */,
				BCC91F4F2AACDD5200DED263 /* EventInteractor.swift */,
			);
			path = Event;
			sourceTree = "<group>";
		};
/* End PBXGroup section */

/* Begin PBXNativeTarget section */
		BCC91E8A2AACD77B00DED263 /* Eventize */ = {
			isa = PBXNativeTarget;
			buildConfigurationList = BCC91EB52AACD77C00DED263 /* Build configuration list for PBXNativeTarget "Eventize" */;
			buildPhases = (
				BCC91E872AACD77B00DED263 /* Sources */,
				BCC91E882AACD77B00DED263 /* Frameworks */,
				BCC91E892AACD77B00DED263 /* Resources */,
			);
			buildRules = (
			);
			dependencies = (
			);
			name = Eventize;
			packageProductDependencies = (
				BCC91F432AACD9E000DED263 /* FirebaseAnalytics */,
				BCC91F452AACD9E000DED263 /* FirebaseAuth */,
				BCC91F472AACD9E000DED263 /* FirebaseFirestore */,
			);
			productName = Eventize;
			productReference = BCC91E8B2AACD77B00DED263 /* Eventize.app */;
			productType = "com.apple.product-type.application";
		};
		BCC91EA02AACD77C00DED263 /* EventizeTests */ = {
			isa = PBXNativeTarget;
			buildConfigurationList = BCC91EB82AACD77C00DED263 /* Build configuration list for PBXNativeTarget "EventizeTests" */;
			buildPhases = (
				BCC91E9D2AACD77C00DED263 /* Sources */,
				BCC91E9E2AACD77C00DED263 /* Frameworks */,
				BCC91E9F2AACD77C00DED263 /* Resources */,
			);
			buildRules = (
			);
			dependencies = (
				BCC91EA32AACD77C00DED263 /* PBXTargetDependency */,
			);
			name = EventizeTests;
			productName = EventizeTests;
			productReference = BCC91EA12AACD77C00DED263 /* EventizeTests.xctest */;
			productType = "com.apple.product-type.bundle.unit-test";
		};
		BCC91EAA2AACD77C00DED263 /* EventizeUITests */ = {
			isa = PBXNativeTarget;
			buildConfigurationList = BCC91EBB2AACD77C00DED263 /* Build configuration list for PBXNativeTarget "EventizeUITests" */;
			buildPhases = (
				BCC91EA72AACD77C00DED263 /* Sources */,
				BCC91EA82AACD77C00DED263 /* Frameworks */,
				BCC91EA92AACD77C00DED263 /* Resources */,
			);
			buildRules = (
			);
			dependencies = (
				BCC91EAD2AACD77C00DED263 /* PBXTargetDependency */,
			);
			name = EventizeUITests;
			productName = EventizeUITests;
			productReference = BCC91EAB2AACD77C00DED263 /* EventizeUITests.xctest */;
			productType = "com.apple.product-type.bundle.ui-testing";
		};
/* End PBXNativeTarget section */

/* Begin PBXProject section */
		BCC91E832AACD77B00DED263 /* Project object */ = {
			isa = PBXProject;
			attributes = {
				BuildIndependentTargetsInParallel = 1;
				LastSwiftUpdateCheck = 1430;
				LastUpgradeCheck = 1430;
				TargetAttributes = {
					BCC91E8A2AACD77B00DED263 = {
						CreatedOnToolsVersion = 14.3.1;
					};
					BCC91EA02AACD77C00DED263 = {
						CreatedOnToolsVersion = 14.3.1;
						TestTargetID = BCC91E8A2AACD77B00DED263;
					};
					BCC91EAA2AACD77C00DED263 = {
						CreatedOnToolsVersion = 14.3.1;
						TestTargetID = BCC91E8A2AACD77B00DED263;
					};
				};
			};
			buildConfigurationList = BCC91E862AACD77B00DED263 /* Build configuration list for PBXProject "Eventize" */;
			compatibilityVersion = "Xcode 14.0";
			developmentRegion = en;
			hasScannedForEncodings = 0;
			knownRegions = (
				en,
				Base,
			);
			mainGroup = BCC91E822AACD77B00DED263;
			packageReferences = (
				BCC91F422AACD9E000DED263 /* XCRemoteSwiftPackageReference "firebase-ios-sdk" */,
			);
			productRefGroup = BCC91E8C2AACD77B00DED263 /* Products */;
			projectDirPath = "";
			projectRoot = "";
			targets = (
				BCC91E8A2AACD77B00DED263 /* Eventize */,
				BCC91EA02AACD77C00DED263 /* EventizeTests */,
				BCC91EAA2AACD77C00DED263 /* EventizeUITests */,
			);
		};
/* End PBXProject section */

/* Begin PBXResourcesBuildPhase section */
		BCC91E892AACD77B00DED263 /* Resources */ = {
			isa = PBXResourcesBuildPhase;
			buildActionMask = 2147483647;
			files = (
				BCC91E9B2AACD77C00DED263 /* LaunchScreen.storyboard in Resources */,
				BCC91F412AACD94C00DED263 /* GoogleService-Info.plist in Resources */,
				BCC91E982AACD77C00DED263 /* Assets.xcassets in Resources */,
				BCC91E962AACD77B00DED263 /* Main.storyboard in Resources */,
			);
			runOnlyForDeploymentPostprocessing = 0;
		};
		BCC91E9F2AACD77C00DED263 /* Resources */ = {
			isa = PBXResourcesBuildPhase;
			buildActionMask = 2147483647;
			files = (
			);
			runOnlyForDeploymentPostprocessing = 0;
		};
		BCC91EA92AACD77C00DED263 /* Resources */ = {
			isa = PBXResourcesBuildPhase;
			buildActionMask = 2147483647;
			files = (
			);
			runOnlyForDeploymentPostprocessing = 0;
		};
/* End PBXResourcesBuildPhase section */

/* Begin PBXSourcesBuildPhase section */
		BCC91E872AACD77B00DED263 /* Sources */ = {
			isa = PBXSourcesBuildPhase;
			buildActionMask = 2147483647;
			files = (
				BCC91F2F2AACD8D000DED263 /* ProfileWorker.swift in Sources */,
				BCC91F242AACD8C300DED263 /* LoginViewController.swift in Sources */,
				BCC91F302AACD8D000DED263 /* ProfilePresenter.swift in Sources */,
				BCC91F262AACD8C300DED263 /* LoginModels.swift in Sources */,
				BCC91F0A2AACD8AB00DED263 /* EventsModels.swift in Sources */,
				BCA8C9732AB10D9900B9CFFD /* HapticFeedbackHelper.swift in Sources */,
				BC3BE0942AAF57E900BA0006 /* EventsMapTableViewCell.swift in Sources */,
				BCC91F502AACDD5200DED263 /* EventPresenter.swift in Sources */,
				BC3BE0842AAE6A6100BA0006 /* LogError.swift in Sources */,
				BCC91F3C2AACD8D400DED263 /* RegisterModels.swift in Sources */,
				BCC91F0E2AACD8AB00DED263 /* EventsWorker.swift in Sources */,
				BC3BE07A2AAD1F5E00BA0006 /* TicketsPresenter.swift in Sources */,
				BCC91F272AACD8C300DED263 /* LoginRouter.swift in Sources */,
				BCC91F0F2AACD8AB00DED263 /* EventsRouter.swift in Sources */,
				BCC91F222AACD8C300DED263 /* LoginInteractor.swift in Sources */,
				BC3BE07C2AAD1F5E00BA0006 /* TicketsRouter.swift in Sources */,
				BCC91F1B2AACD8BD00DED263 /* HomeRouter.swift in Sources */,
				BC3BE08C2AAED1EC00BA0006 /* EventsTableViewHeader.swift in Sources */,
				BCC91F3F2AACD8D400DED263 /* RegisterWorker.swift in Sources */,
				BC3BE0872AAE6A9B00BA0006 /* NetworkManager.swift in Sources */,
				BCC91F0C2AACD8AB00DED263 /* EventsViewController.swift in Sources */,
				BCC91F2E2AACD8D000DED263 /* ProfileInteractor.swift in Sources */,
				BC545EC82AAD064500634334 /* Collection+safe.swift in Sources */,
				BC3BE0722AAD171000BA0006 /* UIView+addRoundedCornersAndShadow.swift in Sources */,
				BCC91F3D2AACD8D400DED263 /* RegisterRouter.swift in Sources */,
				BCC91F0D2AACD8AB00DED263 /* EventsPresenter.swift in Sources */,
				BC3BE07D2AAD1F5E00BA0006 /* TicketsModels.swift in Sources */,
				BCC91F322AACD8D000DED263 /* ProfileRouter.swift in Sources */,
				BCC91F332AACD8D000DED263 /* ProfileModels.swift in Sources */,
				BCC91F1A2AACD8BD00DED263 /* HomeModels.swift in Sources */,
				BCC91F3E2AACD8D400DED263 /* RegisterInteractor.swift in Sources */,
				BCC91F232AACD8C300DED263 /* LoginPresenter.swift in Sources */,
				BC3BE08A2AAE729300BA0006 /* NetworkImageView.swift in Sources */,
				BCC91E8F2AACD77B00DED263 /* AppDelegate.swift in Sources */,
				BC3BE07E2AAD1F5E00BA0006 /* TicketsViewController.swift in Sources */,
				BCA8C9752AB1287500B9CFFD /* TicketsTableViewCell.swift in Sources */,
				BCC91F192AACD8BD00DED263 /* HomeInteractor.swift in Sources */,
				BC545EC62AAD02D000634334 /* UIImage+convertToBlackAndWhite.swift in Sources */,
				BCC91F0B2AACD8AB00DED263 /* EventsInteractor.swift in Sources */,
				BCC91F162AACD8BD00DED263 /* HomeWorker.swift in Sources */,
				BCC91F532AACDD5200DED263 /* EventModels.swift in Sources */,
				BCC91E912AACD77B00DED263 /* SceneDelegate.swift in Sources */,
				BC545EC02AACEA5100634334 /* EventsTableViewCell.swift in Sources */,
				BCC91F542AACDD5200DED263 /* EventViewController.swift in Sources */,
				BCC91F3A2AACD8D400DED263 /* RegisterPresenter.swift in Sources */,
				BC545EC32AACF67300634334 /* Double+asCurrency.swift in Sources */,
				BC3BE08E2AAEDB3700BA0006 /* UIView+addTopAndBottomSeparators.swift in Sources */,
				BCC91F172AACD8BD00DED263 /* HomePresenter.swift in Sources */,
				BC3BE07F2AAD1F5E00BA0006 /* TicketsInteractor.swift in Sources */,
				BCC91F522AACDD5200DED263 /* EventRouter.swift in Sources */,
				BCC91F312AACD8D000DED263 /* ProfileViewController.swift in Sources */,
				BCC91F512AACDD5200DED263 /* EventWorker.swift in Sources */,
				BCC91F252AACD8C300DED263 /* LoginWorker.swift in Sources */,
				BCC91F552AACDD5200DED263 /* EventInteractor.swift in Sources */,
				BCA8C9712AB0BED100B9CFFD /* UserDefaultsManager.swift in Sources */,
				BCC91F182AACD8BD00DED263 /* HomeViewController.swift in Sources */,
				BC3BE0912AAEDF0800BA0006 /* LocationManager.swift in Sources */,
				BC3BE07B2AAD1F5E00BA0006 /* TicketsWorker.swift in Sources */,
				BCC91F3B2AACD8D400DED263 /* RegisterViewController.swift in Sources */,
				BC3BE0812AAE67DD00BA0006 /* JsonMocks.swift in Sources */,
			);
			runOnlyForDeploymentPostprocessing = 0;
		};
		BCC91E9D2AACD77C00DED263 /* Sources */ = {
			isa = PBXSourcesBuildPhase;
			buildActionMask = 2147483647;
			files = (
				BCC91EA62AACD77C00DED263 /* EventizeTests.swift in Sources */,
			);
			runOnlyForDeploymentPostprocessing = 0;
		};
		BCC91EA72AACD77C00DED263 /* Sources */ = {
			isa = PBXSourcesBuildPhase;
			buildActionMask = 2147483647;
			files = (
				BCC91EB22AACD77C00DED263 /* EventizeUITestsLaunchTests.swift in Sources */,
				BCC91EB02AACD77C00DED263 /* EventizeUITests.swift in Sources */,
			);
			runOnlyForDeploymentPostprocessing = 0;
		};
/* End PBXSourcesBuildPhase section */

/* Begin PBXTargetDependency section */
		BCC91EA32AACD77C00DED263 /* PBXTargetDependency */ = {
			isa = PBXTargetDependency;
			target = BCC91E8A2AACD77B00DED263 /* Eventize */;
			targetProxy = BCC91EA22AACD77C00DED263 /* PBXContainerItemProxy */;
		};
		BCC91EAD2AACD77C00DED263 /* PBXTargetDependency */ = {
			isa = PBXTargetDependency;
			target = BCC91E8A2AACD77B00DED263 /* Eventize */;
			targetProxy = BCC91EAC2AACD77C00DED263 /* PBXContainerItemProxy */;
		};
/* End PBXTargetDependency section */

/* Begin PBXVariantGroup section */
		BCC91E942AACD77B00DED263 /* Main.storyboard */ = {
			isa = PBXVariantGroup;
			children = (
				BCC91E952AACD77B00DED263 /* Base */,
			);
			name = Main.storyboard;
			sourceTree = "<group>";
		};
		BCC91E992AACD77C00DED263 /* LaunchScreen.storyboard */ = {
			isa = PBXVariantGroup;
			children = (
				BCC91E9A2AACD77C00DED263 /* Base */,
			);
			name = LaunchScreen.storyboard;
			sourceTree = "<group>";
		};
/* End PBXVariantGroup section */

/* Begin XCBuildConfiguration section */
		BCC91EB32AACD77C00DED263 /* Debug */ = {
			isa = XCBuildConfiguration;
			buildSettings = {
				ALWAYS_SEARCH_USER_PATHS = NO;
				CLANG_ANALYZER_NONNULL = YES;
				CLANG_ANALYZER_NUMBER_OBJECT_CONVERSION = YES_AGGRESSIVE;
				CLANG_CXX_LANGUAGE_STANDARD = "gnu++20";
				CLANG_ENABLE_MODULES = YES;
				CLANG_ENABLE_OBJC_ARC = YES;
				CLANG_ENABLE_OBJC_WEAK = YES;
				CLANG_WARN_BLOCK_CAPTURE_AUTORELEASING = YES;
				CLANG_WARN_BOOL_CONVERSION = YES;
				CLANG_WARN_COMMA = YES;
				CLANG_WARN_CONSTANT_CONVERSION = YES;
				CLANG_WARN_DEPRECATED_OBJC_IMPLEMENTATIONS = YES;
				CLANG_WARN_DIRECT_OBJC_ISA_USAGE = YES_ERROR;
				CLANG_WARN_DOCUMENTATION_COMMENTS = YES;
				CLANG_WARN_EMPTY_BODY = YES;
				CLANG_WARN_ENUM_CONVERSION = YES;
				CLANG_WARN_INFINITE_RECURSION = YES;
				CLANG_WARN_INT_CONVERSION = YES;
				CLANG_WARN_NON_LITERAL_NULL_CONVERSION = YES;
				CLANG_WARN_OBJC_IMPLICIT_RETAIN_SELF = YES;
				CLANG_WARN_OBJC_LITERAL_CONVERSION = YES;
				CLANG_WARN_OBJC_ROOT_CLASS = YES_ERROR;
				CLANG_WARN_QUOTED_INCLUDE_IN_FRAMEWORK_HEADER = YES;
				CLANG_WARN_RANGE_LOOP_ANALYSIS = YES;
				CLANG_WARN_STRICT_PROTOTYPES = YES;
				CLANG_WARN_SUSPICIOUS_MOVE = YES;
				CLANG_WARN_UNGUARDED_AVAILABILITY = YES_AGGRESSIVE;
				CLANG_WARN_UNREACHABLE_CODE = YES;
				CLANG_WARN__DUPLICATE_METHOD_MATCH = YES;
				COPY_PHASE_STRIP = NO;
				DEBUG_INFORMATION_FORMAT = dwarf;
				ENABLE_STRICT_OBJC_MSGSEND = YES;
				ENABLE_TESTABILITY = YES;
				GCC_C_LANGUAGE_STANDARD = gnu11;
				GCC_DYNAMIC_NO_PIC = NO;
				GCC_NO_COMMON_BLOCKS = YES;
				GCC_OPTIMIZATION_LEVEL = 0;
				GCC_PREPROCESSOR_DEFINITIONS = (
					"DEBUG=1",
					"$(inherited)",
				);
				GCC_WARN_64_TO_32_BIT_CONVERSION = YES;
				GCC_WARN_ABOUT_RETURN_TYPE = YES_ERROR;
				GCC_WARN_UNDECLARED_SELECTOR = YES;
				GCC_WARN_UNINITIALIZED_AUTOS = YES_AGGRESSIVE;
				GCC_WARN_UNUSED_FUNCTION = YES;
				GCC_WARN_UNUSED_VARIABLE = YES;
				IPHONEOS_DEPLOYMENT_TARGET = 16.4;
				MTL_ENABLE_DEBUG_INFO = INCLUDE_SOURCE;
				MTL_FAST_MATH = YES;
				ONLY_ACTIVE_ARCH = YES;
				SDKROOT = iphoneos;
				SWIFT_ACTIVE_COMPILATION_CONDITIONS = DEBUG;
				SWIFT_OPTIMIZATION_LEVEL = "-Onone";
			};
			name = Debug;
		};
		BCC91EB42AACD77C00DED263 /* Release */ = {
			isa = XCBuildConfiguration;
			buildSettings = {
				ALWAYS_SEARCH_USER_PATHS = NO;
				CLANG_ANALYZER_NONNULL = YES;
				CLANG_ANALYZER_NUMBER_OBJECT_CONVERSION = YES_AGGRESSIVE;
				CLANG_CXX_LANGUAGE_STANDARD = "gnu++20";
				CLANG_ENABLE_MODULES = YES;
				CLANG_ENABLE_OBJC_ARC = YES;
				CLANG_ENABLE_OBJC_WEAK = YES;
				CLANG_WARN_BLOCK_CAPTURE_AUTORELEASING = YES;
				CLANG_WARN_BOOL_CONVERSION = YES;
				CLANG_WARN_COMMA = YES;
				CLANG_WARN_CONSTANT_CONVERSION = YES;
				CLANG_WARN_DEPRECATED_OBJC_IMPLEMENTATIONS = YES;
				CLANG_WARN_DIRECT_OBJC_ISA_USAGE = YES_ERROR;
				CLANG_WARN_DOCUMENTATION_COMMENTS = YES;
				CLANG_WARN_EMPTY_BODY = YES;
				CLANG_WARN_ENUM_CONVERSION = YES;
				CLANG_WARN_INFINITE_RECURSION = YES;
				CLANG_WARN_INT_CONVERSION = YES;
				CLANG_WARN_NON_LITERAL_NULL_CONVERSION = YES;
				CLANG_WARN_OBJC_IMPLICIT_RETAIN_SELF = YES;
				CLANG_WARN_OBJC_LITERAL_CONVERSION = YES;
				CLANG_WARN_OBJC_ROOT_CLASS = YES_ERROR;
				CLANG_WARN_QUOTED_INCLUDE_IN_FRAMEWORK_HEADER = YES;
				CLANG_WARN_RANGE_LOOP_ANALYSIS = YES;
				CLANG_WARN_STRICT_PROTOTYPES = YES;
				CLANG_WARN_SUSPICIOUS_MOVE = YES;
				CLANG_WARN_UNGUARDED_AVAILABILITY = YES_AGGRESSIVE;
				CLANG_WARN_UNREACHABLE_CODE = YES;
				CLANG_WARN__DUPLICATE_METHOD_MATCH = YES;
				COPY_PHASE_STRIP = NO;
				DEBUG_INFORMATION_FORMAT = "dwarf-with-dsym";
				ENABLE_NS_ASSERTIONS = NO;
				ENABLE_STRICT_OBJC_MSGSEND = YES;
				GCC_C_LANGUAGE_STANDARD = gnu11;
				GCC_NO_COMMON_BLOCKS = YES;
				GCC_WARN_64_TO_32_BIT_CONVERSION = YES;
				GCC_WARN_ABOUT_RETURN_TYPE = YES_ERROR;
				GCC_WARN_UNDECLARED_SELECTOR = YES;
				GCC_WARN_UNINITIALIZED_AUTOS = YES_AGGRESSIVE;
				GCC_WARN_UNUSED_FUNCTION = YES;
				GCC_WARN_UNUSED_VARIABLE = YES;
				IPHONEOS_DEPLOYMENT_TARGET = 16.4;
				MTL_ENABLE_DEBUG_INFO = NO;
				MTL_FAST_MATH = YES;
				SDKROOT = iphoneos;
				SWIFT_COMPILATION_MODE = wholemodule;
				SWIFT_OPTIMIZATION_LEVEL = "-O";
				VALIDATE_PRODUCT = YES;
			};
			name = Release;
		};
		BCC91EB62AACD77C00DED263 /* Debug */ = {
			isa = XCBuildConfiguration;
			buildSettings = {
				ASSETCATALOG_COMPILER_APPICON_NAME = AppIcon;
				ASSETCATALOG_COMPILER_GLOBAL_ACCENT_COLOR_NAME = AccentColor;
				CODE_SIGN_STYLE = Automatic;
				CURRENT_PROJECT_VERSION = 1;
				DEVELOPMENT_TEAM = AXWCGPT4H2;
				GENERATE_INFOPLIST_FILE = YES;
				INFOPLIST_FILE = Eventize/Info.plist;
				INFOPLIST_KEY_UIApplicationSupportsIndirectInputEvents = YES;
				INFOPLIST_KEY_UILaunchStoryboardName = LaunchScreen;
				INFOPLIST_KEY_UIMainStoryboardFile = Main;
				INFOPLIST_KEY_UISupportedInterfaceOrientations_iPad = "UIInterfaceOrientationPortrait UIInterfaceOrientationPortraitUpsideDown UIInterfaceOrientationLandscapeLeft UIInterfaceOrientationLandscapeRight";
				INFOPLIST_KEY_UISupportedInterfaceOrientations_iPhone = "UIInterfaceOrientationPortrait UIInterfaceOrientationLandscapeLeft UIInterfaceOrientationLandscapeRight";
				LD_RUNPATH_SEARCH_PATHS = (
					"$(inherited)",
					"@executable_path/Frameworks",
				);
				MARKETING_VERSION = 1.0;
				PRODUCT_BUNDLE_IDENTIFIER = "JJG-Tech.Eventize";
				PRODUCT_NAME = "$(TARGET_NAME)";
				SWIFT_EMIT_LOC_STRINGS = YES;
				SWIFT_VERSION = 5.0;
				TARGETED_DEVICE_FAMILY = "1,2";
			};
			name = Debug;
		};
		BCC91EB72AACD77C00DED263 /* Release */ = {
			isa = XCBuildConfiguration;
			buildSettings = {
				ASSETCATALOG_COMPILER_APPICON_NAME = AppIcon;
				ASSETCATALOG_COMPILER_GLOBAL_ACCENT_COLOR_NAME = AccentColor;
				CODE_SIGN_STYLE = Automatic;
				CURRENT_PROJECT_VERSION = 1;
				DEVELOPMENT_TEAM = AXWCGPT4H2;
				GENERATE_INFOPLIST_FILE = YES;
				INFOPLIST_FILE = Eventize/Info.plist;
				INFOPLIST_KEY_UIApplicationSupportsIndirectInputEvents = YES;
				INFOPLIST_KEY_UILaunchStoryboardName = LaunchScreen;
				INFOPLIST_KEY_UIMainStoryboardFile = Main;
				INFOPLIST_KEY_UISupportedInterfaceOrientations_iPad = "UIInterfaceOrientationPortrait UIInterfaceOrientationPortraitUpsideDown UIInterfaceOrientationLandscapeLeft UIInterfaceOrientationLandscapeRight";
				INFOPLIST_KEY_UISupportedInterfaceOrientations_iPhone = "UIInterfaceOrientationPortrait UIInterfaceOrientationLandscapeLeft UIInterfaceOrientationLandscapeRight";
				LD_RUNPATH_SEARCH_PATHS = (
					"$(inherited)",
					"@executable_path/Frameworks",
				);
				MARKETING_VERSION = 1.0;
				PRODUCT_BUNDLE_IDENTIFIER = "JJG-Tech.Eventize";
				PRODUCT_NAME = "$(TARGET_NAME)";
				SWIFT_EMIT_LOC_STRINGS = YES;
				SWIFT_VERSION = 5.0;
				TARGETED_DEVICE_FAMILY = "1,2";
			};
			name = Release;
		};
		BCC91EB92AACD77C00DED263 /* Debug */ = {
			isa = XCBuildConfiguration;
			buildSettings = {
				ALWAYS_EMBED_SWIFT_STANDARD_LIBRARIES = YES;
				BUNDLE_LOADER = "$(TEST_HOST)";
				CODE_SIGN_STYLE = Automatic;
				CURRENT_PROJECT_VERSION = 1;
				DEVELOPMENT_TEAM = AXWCGPT4H2;
				GENERATE_INFOPLIST_FILE = YES;
				IPHONEOS_DEPLOYMENT_TARGET = 16.4;
				MARKETING_VERSION = 1.0;
				PRODUCT_BUNDLE_IDENTIFIER = "JJG-Tech.EventizeTests";
				PRODUCT_NAME = "$(TARGET_NAME)";
				SWIFT_EMIT_LOC_STRINGS = NO;
				SWIFT_VERSION = 5.0;
				TARGETED_DEVICE_FAMILY = "1,2";
				TEST_HOST = "$(BUILT_PRODUCTS_DIR)/Eventize.app/$(BUNDLE_EXECUTABLE_FOLDER_PATH)/Eventize";
			};
			name = Debug;
		};
		BCC91EBA2AACD77C00DED263 /* Release */ = {
			isa = XCBuildConfiguration;
			buildSettings = {
				ALWAYS_EMBED_SWIFT_STANDARD_LIBRARIES = YES;
				BUNDLE_LOADER = "$(TEST_HOST)";
				CODE_SIGN_STYLE = Automatic;
				CURRENT_PROJECT_VERSION = 1;
				DEVELOPMENT_TEAM = AXWCGPT4H2;
				GENERATE_INFOPLIST_FILE = YES;
				IPHONEOS_DEPLOYMENT_TARGET = 16.4;
				MARKETING_VERSION = 1.0;
				PRODUCT_BUNDLE_IDENTIFIER = "JJG-Tech.EventizeTests";
				PRODUCT_NAME = "$(TARGET_NAME)";
				SWIFT_EMIT_LOC_STRINGS = NO;
				SWIFT_VERSION = 5.0;
				TARGETED_DEVICE_FAMILY = "1,2";
				TEST_HOST = "$(BUILT_PRODUCTS_DIR)/Eventize.app/$(BUNDLE_EXECUTABLE_FOLDER_PATH)/Eventize";
			};
			name = Release;
		};
		BCC91EBC2AACD77C00DED263 /* Debug */ = {
			isa = XCBuildConfiguration;
			buildSettings = {
				ALWAYS_EMBED_SWIFT_STANDARD_LIBRARIES = YES;
				CODE_SIGN_STYLE = Automatic;
				CURRENT_PROJECT_VERSION = 1;
				DEVELOPMENT_TEAM = AXWCGPT4H2;
				GENERATE_INFOPLIST_FILE = YES;
				MARKETING_VERSION = 1.0;
				PRODUCT_BUNDLE_IDENTIFIER = "JJG-Tech.EventizeUITests";
				PRODUCT_NAME = "$(TARGET_NAME)";
				SWIFT_EMIT_LOC_STRINGS = NO;
				SWIFT_VERSION = 5.0;
				TARGETED_DEVICE_FAMILY = "1,2";
				TEST_TARGET_NAME = Eventize;
			};
			name = Debug;
		};
		BCC91EBD2AACD77C00DED263 /* Release */ = {
			isa = XCBuildConfiguration;
			buildSettings = {
				ALWAYS_EMBED_SWIFT_STANDARD_LIBRARIES = YES;
				CODE_SIGN_STYLE = Automatic;
				CURRENT_PROJECT_VERSION = 1;
				DEVELOPMENT_TEAM = AXWCGPT4H2;
				GENERATE_INFOPLIST_FILE = YES;
				MARKETING_VERSION = 1.0;
				PRODUCT_BUNDLE_IDENTIFIER = "JJG-Tech.EventizeUITests";
				PRODUCT_NAME = "$(TARGET_NAME)";
				SWIFT_EMIT_LOC_STRINGS = NO;
				SWIFT_VERSION = 5.0;
				TARGETED_DEVICE_FAMILY = "1,2";
				TEST_TARGET_NAME = Eventize;
			};
			name = Release;
		};
/* End XCBuildConfiguration section */

/* Begin XCConfigurationList section */
		BCC91E862AACD77B00DED263 /* Build configuration list for PBXProject "Eventize" */ = {
			isa = XCConfigurationList;
			buildConfigurations = (
				BCC91EB32AACD77C00DED263 /* Debug */,
				BCC91EB42AACD77C00DED263 /* Release */,
			);
			defaultConfigurationIsVisible = 0;
			defaultConfigurationName = Release;
		};
		BCC91EB52AACD77C00DED263 /* Build configuration list for PBXNativeTarget "Eventize" */ = {
			isa = XCConfigurationList;
			buildConfigurations = (
				BCC91EB62AACD77C00DED263 /* Debug */,
				BCC91EB72AACD77C00DED263 /* Release */,
			);
			defaultConfigurationIsVisible = 0;
			defaultConfigurationName = Release;
		};
		BCC91EB82AACD77C00DED263 /* Build configuration list for PBXNativeTarget "EventizeTests" */ = {
			isa = XCConfigurationList;
			buildConfigurations = (
				BCC91EB92AACD77C00DED263 /* Debug */,
				BCC91EBA2AACD77C00DED263 /* Release */,
			);
			defaultConfigurationIsVisible = 0;
			defaultConfigurationName = Release;
		};
		BCC91EBB2AACD77C00DED263 /* Build configuration list for PBXNativeTarget "EventizeUITests" */ = {
			isa = XCConfigurationList;
			buildConfigurations = (
				BCC91EBC2AACD77C00DED263 /* Debug */,
				BCC91EBD2AACD77C00DED263 /* Release */,
			);
			defaultConfigurationIsVisible = 0;
			defaultConfigurationName = Release;
		};
/* End XCConfigurationList section */

/* Begin XCRemoteSwiftPackageReference section */
		BCC91F422AACD9E000DED263 /* XCRemoteSwiftPackageReference "firebase-ios-sdk" */ = {
			isa = XCRemoteSwiftPackageReference;
			repositoryURL = "https://github.com/firebase/firebase-ios-sdk";
			requirement = {
				kind = upToNextMajorVersion;
				minimumVersion = 10.0.0;
			};
		};
/* End XCRemoteSwiftPackageReference section */

/* Begin XCSwiftPackageProductDependency section */
		BCC91F432AACD9E000DED263 /* FirebaseAnalytics */ = {
			isa = XCSwiftPackageProductDependency;
			package = BCC91F422AACD9E000DED263 /* XCRemoteSwiftPackageReference "firebase-ios-sdk" */;
			productName = FirebaseAnalytics;
		};
		BCC91F452AACD9E000DED263 /* FirebaseAuth */ = {
			isa = XCSwiftPackageProductDependency;
			package = BCC91F422AACD9E000DED263 /* XCRemoteSwiftPackageReference "firebase-ios-sdk" */;
			productName = FirebaseAuth;
		};
		BCC91F472AACD9E000DED263 /* FirebaseFirestore */ = {
			isa = XCSwiftPackageProductDependency;
			package = BCC91F422AACD9E000DED263 /* XCRemoteSwiftPackageReference "firebase-ios-sdk" */;
			productName = FirebaseFirestore;
		};
/* End XCSwiftPackageProductDependency section */
	};
	rootObject = BCC91E832AACD77B00DED263 /* Project object */;
}
