// !$*UTF8*$!
{
	archiveVersion = 1;
	classes = {
	};
	objectVersion = 56;
	objects = {

/* Begin PBXBuildFile section */
		BC3BE0722AAD171000BA0006 /* UIView+addRoundedCornersAndShadow.swift in Sources */ = {isa = PBXBuildFile; fileRef = BC3BE0712AAD171000BA0006 /* UIView+addRoundedCornersAndShadow.swift */; };
		BC3BE07A2AAD1F5E00BA0006 /* TicketsPresenter.swift in Sources */ = {isa = PBXBuildFile; fileRef = BC3BE0742AAD1F5E00BA0006 /* TicketsPresenter.swift */; };
		BC3BE07B2AAD1F5E00BA0006 /* TicketsWorker.swift in Sources */ = {isa = PBXBuildFile; fileRef = BC3BE0752AAD1F5E00BA0006 /* TicketsWorker.swift */; };
		BC3BE07C2AAD1F5E00BA0006 /* TicketsRouter.swift in Sources */ = {isa = PBXBuildFile; fileRef = BC3BE0762AAD1F5E00BA0006 /* TicketsRouter.swift */; };
		BC3BE07D2AAD1F5E00BA0006 /* TicketsModels.swift in Sources */ = {isa = PBXBuildFile; fileRef = BC3BE0772AAD1F5E00BA0006 /* TicketsModels.swift */; };
		BC3BE07E2AAD1F5E00BA0006 /* TicketsViewController.swift in Sources */ = {isa = PBXBuildFile; fileRef = BC3BE0782AAD1F5E00BA0006 /* TicketsViewController.swift */; };
		BC3BE07F2AAD1F5E00BA0006 /* TicketsInteractor.swift in Sources */ = {isa = PBXBuildFile; fileRef = BC3BE0792AAD1F5E00BA0006 /* TicketsInteractor.swift */; };
		BC3BE0812AAE67DD00BA0006 /* JsonMocks.swift in Sources */ = {isa = PBXBuildFile; fileRef = BC3BE0802AAE67DD00BA0006 /* JsonMocks.swift */; };
		BC3BE0842AAE6A6100BA0006 /* LogError.swift in Sources */ = {isa = PBXBuildFile; fileRef = BC3BE0832AAE6A6100BA0006 /* LogError.swift */; };
		BC3BE0872AAE6A9B00BA0006 /* NetworkManager.swift in Sources */ = {isa = PBXBuildFile; fileRef = BC3BE0862AAE6A9B00BA0006 /* NetworkManager.swift */; };
		BC3BE08A2AAE729300BA0006 /* NetworkImageView.swift in Sources */ = {isa = PBXBuildFile; fileRef = BC3BE0892AAE729300BA0006 /* NetworkImageView.swift */; };
		BC3BE08C2AAED1EC00BA0006 /* EventsTableViewHeader.swift in Sources */ = {isa = PBXBuildFile; fileRef = BC3BE08B2AAED1EC00BA0006 /* EventsTableViewHeader.swift */; };
		BC3BE08E2AAEDB3700BA0006 /* UIView+addTopAndBottomSeparators.swift in Sources */ = {isa = PBXBuildFile; fileRef = BC3BE08D2AAEDB3700BA0006 /* UIView+addTopAndBottomSeparators.swift */; };
		BC3BE0912AAEDF0800BA0006 /* LocationManager.swift in Sources */ = {isa = PBXBuildFile; fileRef = BC3BE0902AAEDF0800BA0006 /* LocationManager.swift */; };
		BC3BE0942AAF57E900BA0006 /* EventsMapTableViewCell.swift in Sources */ = {isa = PBXBuildFile; fileRef = BC3BE0932AAF57E900BA0006 /* EventsMapTableViewCell.swift */; };
		BC545EC02AACEA5100634334 /* EventsTableViewCell.swift in Sources */ = {isa = PBXBuildFile; fileRef = BC545EBF2AACEA5100634334 /* EventsTableViewCell.swift */; };
		BC545EC32AACF67300634334 /* Double+asCurrency.swift in Sources */ = {isa = PBXBuildFile; fileRef = BC545EC22AACF67300634334 /* Double+asCurrency.swift */; };
		BC545EC62AAD02D000634334 /* UIImage+convertToBlackAndWhite.swift in Sources */ = {isa = PBXBuildFile; fileRef = BC545EC52AAD02D000634334 /* UIImage+convertToBlackAndWhite.swift */; };
		BC545EC82AAD064500634334 /* Collection+safe.swift in Sources */ = {isa = PBXBuildFile; fileRef = BC545EC72AAD064500634334 /* Collection+safe.swift */; };
		BC570DEA2AB633EB00FF81A2 /* UserDefaultsManagerTests.swift in Sources */ = {isa = PBXBuildFile; fileRef = BC570DE92AB633EB00FF81A2 /* UserDefaultsManagerTests.swift */; };
		BC570DEC2AB6366700FF81A2 /* LocationManagerTests.swift in Sources */ = {isa = PBXBuildFile; fileRef = BC570DEB2AB6366700FF81A2 /* LocationManagerTests.swift */; };
		BC570DEE2AB6388700FF81A2 /* CLLocationCoordinate2D+Equatable.swift in Sources */ = {isa = PBXBuildFile; fileRef = BC570DED2AB6388700FF81A2 /* CLLocationCoordinate2D+Equatable.swift */; };
		BC570DF02AB63CEB00FF81A2 /* HapticFeedbackHelperTests.swift in Sources */ = {isa = PBXBuildFile; fileRef = BC570DEF2AB63CEB00FF81A2 /* HapticFeedbackHelperTests.swift */; };
		BC570DF32AB63DAF00FF81A2 /* NetworkManagerTests.swift in Sources */ = {isa = PBXBuildFile; fileRef = BC570DF22AB63DAF00FF81A2 /* NetworkManagerTests.swift */; };
		BC7788B02AB6446100C78C47 /* Double+asCurrencyTests.swift in Sources */ = {isa = PBXBuildFile; fileRef = BC7788AF2AB6446100C78C47 /* Double+asCurrencyTests.swift */; };
		BC7788B42AB6448200C78C47 /* Collection+safeTests.swift in Sources */ = {isa = PBXBuildFile; fileRef = BC7788B32AB6448200C78C47 /* Collection+safeTests.swift */; };
		BC7788BA2AB644A800C78C47 /* CLLocationCoordinate2D+EquatableTests.swift in Sources */ = {isa = PBXBuildFile; fileRef = BC7788B92AB644A800C78C47 /* CLLocationCoordinate2D+EquatableTests.swift */; };
		BCA8C9712AB0BED100B9CFFD /* UserDefaultsManager.swift in Sources */ = {isa = PBXBuildFile; fileRef = BCA8C9702AB0BED100B9CFFD /* UserDefaultsManager.swift */; };
		BCA8C9732AB10D9900B9CFFD /* HapticFeedbackHelper.swift in Sources */ = {isa = PBXBuildFile; fileRef = BCA8C9722AB10D9900B9CFFD /* HapticFeedbackHelper.swift */; };
		BCA8C9752AB1287500B9CFFD /* TicketsTableViewCell.swift in Sources */ = {isa = PBXBuildFile; fileRef = BCA8C9742AB1287500B9CFFD /* TicketsTableViewCell.swift */; };
		BCC91E8F2AACD77B00DED263 /* AppDelegate.swift in Sources */ = {isa = PBXBuildFile; fileRef = BCC91E8E2AACD77B00DED263 /* AppDelegate.swift */; };
		BCC91E912AACD77B00DED263 /* SceneDelegate.swift in Sources */ = {isa = PBXBuildFile; fileRef = BCC91E902AACD77B00DED263 /* SceneDelegate.swift */; };
		BCC91E962AACD77B00DED263 /* Main.storyboard in Resources */ = {isa = PBXBuildFile; fileRef = BCC91E942AACD77B00DED263 /* Main.storyboard */; };
		BCC91E982AACD77C00DED263 /* Assets.xcassets in Resources */ = {isa = PBXBuildFile; fileRef = BCC91E972AACD77C00DED263 /* Assets.xcassets */; };
		BCC91E9B2AACD77C00DED263 /* LaunchScreen.storyboard in Resources */ = {isa = PBXBuildFile; fileRef = BCC91E992AACD77C00DED263 /* LaunchScreen.storyboard */; };
		BCC91F0A2AACD8AB00DED263 /* EventsModels.swift in Sources */ = {isa = PBXBuildFile; fileRef = BCC91F042AACD8AB00DED263 /* EventsModels.swift */; };
		BCC91F0B2AACD8AB00DED263 /* EventsInteractor.swift in Sources */ = {isa = PBXBuildFile; fileRef = BCC91F052AACD8AB00DED263 /* EventsInteractor.swift */; };
		BCC91F0C2AACD8AB00DED263 /* EventsViewController.swift in Sources */ = {isa = PBXBuildFile; fileRef = BCC91F062AACD8AB00DED263 /* EventsViewController.swift */; };
		BCC91F0D2AACD8AB00DED263 /* EventsPresenter.swift in Sources */ = {isa = PBXBuildFile; fileRef = BCC91F072AACD8AB00DED263 /* EventsPresenter.swift */; };
		BCC91F0E2AACD8AB00DED263 /* EventsWorker.swift in Sources */ = {isa = PBXBuildFile; fileRef = BCC91F082AACD8AB00DED263 /* EventsWorker.swift */; };
		BCC91F0F2AACD8AB00DED263 /* EventsRouter.swift in Sources */ = {isa = PBXBuildFile; fileRef = BCC91F092AACD8AB00DED263 /* EventsRouter.swift */; };
		BCC91F502AACDD5200DED263 /* EventPresenter.swift in Sources */ = {isa = PBXBuildFile; fileRef = BCC91F4A2AACDD5200DED263 /* EventPresenter.swift */; };
		BCC91F512AACDD5200DED263 /* EventWorker.swift in Sources */ = {isa = PBXBuildFile; fileRef = BCC91F4B2AACDD5200DED263 /* EventWorker.swift */; };
		BCC91F522AACDD5200DED263 /* EventRouter.swift in Sources */ = {isa = PBXBuildFile; fileRef = BCC91F4C2AACDD5200DED263 /* EventRouter.swift */; };
		BCC91F532AACDD5200DED263 /* EventModels.swift in Sources */ = {isa = PBXBuildFile; fileRef = BCC91F4D2AACDD5200DED263 /* EventModels.swift */; };
		BCC91F542AACDD5200DED263 /* EventViewController.swift in Sources */ = {isa = PBXBuildFile; fileRef = BCC91F4E2AACDD5200DED263 /* EventViewController.swift */; };
		BCC91F552AACDD5200DED263 /* EventInteractor.swift in Sources */ = {isa = PBXBuildFile; fileRef = BCC91F4F2AACDD5200DED263 /* EventInteractor.swift */; };
		BCF0BB792AB82B91004CB9AE /* EventInteractorTests.swift in Sources */ = {isa = PBXBuildFile; fileRef = BCF0BB782AB82B91004CB9AE /* EventInteractorTests.swift */; };
		BCF0BB7C2AB82CD3004CB9AE /* EventsInteractorTests.swift in Sources */ = {isa = PBXBuildFile; fileRef = BCF0BB7B2AB82CD3004CB9AE /* EventsInteractorTests.swift */; };
		BCF0BB7F2AB838CE004CB9AE /* TicketsInteractorTests.swift in Sources */ = {isa = PBXBuildFile; fileRef = BCF0BB7E2AB838CE004CB9AE /* TicketsInteractorTests.swift */; };
		BCF0BB8F2AB83D97004CB9AE /* SnapshotTesting in Frameworks */ = {isa = PBXBuildFile; productRef = BCF0BB8E2AB83D97004CB9AE /* SnapshotTesting */; };
		BCF0BB912AB83DCF004CB9AE /* UIImage+convertToBlackAndWhiteTests.swift in Sources */ = {isa = PBXBuildFile; fileRef = BCF0BB902AB83DCF004CB9AE /* UIImage+convertToBlackAndWhiteTests.swift */; };
		BCF0BB932AB84177004CB9AE /* UIView+addRoundedCornersAndShadow.swift in Sources */ = {isa = PBXBuildFile; fileRef = BCF0BB922AB84177004CB9AE /* UIView+addRoundedCornersAndShadow.swift */; };
		BCF0BB952AB84194004CB9AE /* UIView+addTopAndBottomSeparators.swift in Sources */ = {isa = PBXBuildFile; fileRef = BCF0BB942AB84194004CB9AE /* UIView+addTopAndBottomSeparators.swift */; };
/* End PBXBuildFile section */

/* Begin PBXContainerItemProxy section */
		BCC91EA22AACD77C00DED263 /* PBXContainerItemProxy */ = {
			isa = PBXContainerItemProxy;
			containerPortal = BCC91E832AACD77B00DED263 /* Project object */;
			proxyType = 1;
			remoteGlobalIDString = BCC91E8A2AACD77B00DED263;
			remoteInfo = Eventize;
		};
		BCF0BB882AB83D54004CB9AE /* PBXContainerItemProxy */ = {
			isa = PBXContainerItemProxy;
			containerPortal = BCC91E832AACD77B00DED263 /* Project object */;
			proxyType = 1;
			remoteGlobalIDString = BCC91E8A2AACD77B00DED263;
			remoteInfo = Eventize;
		};
/* End PBXContainerItemProxy section */

/* Begin PBXFileReference section */
		BC3BE0712AAD171000BA0006 /* UIView+addRoundedCornersAndShadow.swift */ = {isa = PBXFileReference; lastKnownFileType = sourcecode.swift; path = "UIView+addRoundedCornersAndShadow.swift"; sourceTree = "<group>"; };
		BC3BE0742AAD1F5E00BA0006 /* TicketsPresenter.swift */ = {isa = PBXFileReference; lastKnownFileType = sourcecode.swift; path = TicketsPresenter.swift; sourceTree = "<group>"; };
		BC3BE0752AAD1F5E00BA0006 /* TicketsWorker.swift */ = {isa = PBXFileReference; lastKnownFileType = sourcecode.swift; path = TicketsWorker.swift; sourceTree = "<group>"; };
		BC3BE0762AAD1F5E00BA0006 /* TicketsRouter.swift */ = {isa = PBXFileReference; lastKnownFileType = sourcecode.swift; path = TicketsRouter.swift; sourceTree = "<group>"; };
		BC3BE0772AAD1F5E00BA0006 /* TicketsModels.swift */ = {isa = PBXFileReference; lastKnownFileType = sourcecode.swift; path = TicketsModels.swift; sourceTree = "<group>"; };
		BC3BE0782AAD1F5E00BA0006 /* TicketsViewController.swift */ = {isa = PBXFileReference; lastKnownFileType = sourcecode.swift; path = TicketsViewController.swift; sourceTree = "<group>"; };
		BC3BE0792AAD1F5E00BA0006 /* TicketsInteractor.swift */ = {isa = PBXFileReference; lastKnownFileType = sourcecode.swift; path = TicketsInteractor.swift; sourceTree = "<group>"; };
		BC3BE0802AAE67DD00BA0006 /* JsonMocks.swift */ = {isa = PBXFileReference; lastKnownFileType = sourcecode.swift; path = JsonMocks.swift; sourceTree = "<group>"; };
		BC3BE0832AAE6A6100BA0006 /* LogError.swift */ = {isa = PBXFileReference; lastKnownFileType = sourcecode.swift; path = LogError.swift; sourceTree = "<group>"; };
		BC3BE0862AAE6A9B00BA0006 /* NetworkManager.swift */ = {isa = PBXFileReference; lastKnownFileType = sourcecode.swift; path = NetworkManager.swift; sourceTree = "<group>"; };
		BC3BE0892AAE729300BA0006 /* NetworkImageView.swift */ = {isa = PBXFileReference; lastKnownFileType = sourcecode.swift; path = NetworkImageView.swift; sourceTree = "<group>"; };
		BC3BE08B2AAED1EC00BA0006 /* EventsTableViewHeader.swift */ = {isa = PBXFileReference; lastKnownFileType = sourcecode.swift; path = EventsTableViewHeader.swift; sourceTree = "<group>"; };
		BC3BE08D2AAEDB3700BA0006 /* UIView+addTopAndBottomSeparators.swift */ = {isa = PBXFileReference; lastKnownFileType = sourcecode.swift; path = "UIView+addTopAndBottomSeparators.swift"; sourceTree = "<group>"; };
		BC3BE0902AAEDF0800BA0006 /* LocationManager.swift */ = {isa = PBXFileReference; lastKnownFileType = sourcecode.swift; path = LocationManager.swift; sourceTree = "<group>"; };
		BC3BE0932AAF57E900BA0006 /* EventsMapTableViewCell.swift */ = {isa = PBXFileReference; lastKnownFileType = sourcecode.swift; path = EventsMapTableViewCell.swift; sourceTree = "<group>"; };
		BC545EBF2AACEA5100634334 /* EventsTableViewCell.swift */ = {isa = PBXFileReference; lastKnownFileType = sourcecode.swift; path = EventsTableViewCell.swift; sourceTree = "<group>"; };
		BC545EC22AACF67300634334 /* Double+asCurrency.swift */ = {isa = PBXFileReference; lastKnownFileType = sourcecode.swift; path = "Double+asCurrency.swift"; sourceTree = "<group>"; };
		BC545EC52AAD02D000634334 /* UIImage+convertToBlackAndWhite.swift */ = {isa = PBXFileReference; lastKnownFileType = sourcecode.swift; path = "UIImage+convertToBlackAndWhite.swift"; sourceTree = "<group>"; };
		BC545EC72AAD064500634334 /* Collection+safe.swift */ = {isa = PBXFileReference; lastKnownFileType = sourcecode.swift; path = "Collection+safe.swift"; sourceTree = "<group>"; };
		BC570DE92AB633EB00FF81A2 /* UserDefaultsManagerTests.swift */ = {isa = PBXFileReference; lastKnownFileType = sourcecode.swift; path = UserDefaultsManagerTests.swift; sourceTree = "<group>"; };
		BC570DEB2AB6366700FF81A2 /* LocationManagerTests.swift */ = {isa = PBXFileReference; lastKnownFileType = sourcecode.swift; path = LocationManagerTests.swift; sourceTree = "<group>"; };
		BC570DED2AB6388700FF81A2 /* CLLocationCoordinate2D+Equatable.swift */ = {isa = PBXFileReference; lastKnownFileType = sourcecode.swift; path = "CLLocationCoordinate2D+Equatable.swift"; sourceTree = "<group>"; };
		BC570DEF2AB63CEB00FF81A2 /* HapticFeedbackHelperTests.swift */ = {isa = PBXFileReference; lastKnownFileType = sourcecode.swift; path = HapticFeedbackHelperTests.swift; sourceTree = "<group>"; };
		BC570DF22AB63DAF00FF81A2 /* NetworkManagerTests.swift */ = {isa = PBXFileReference; lastKnownFileType = sourcecode.swift; path = NetworkManagerTests.swift; sourceTree = "<group>"; };
		BC7788AF2AB6446100C78C47 /* Double+asCurrencyTests.swift */ = {isa = PBXFileReference; lastKnownFileType = sourcecode.swift; path = "Double+asCurrencyTests.swift"; sourceTree = "<group>"; };
		BC7788B32AB6448200C78C47 /* Collection+safeTests.swift */ = {isa = PBXFileReference; lastKnownFileType = sourcecode.swift; path = "Collection+safeTests.swift"; sourceTree = "<group>"; };
		BC7788B92AB644A800C78C47 /* CLLocationCoordinate2D+EquatableTests.swift */ = {isa = PBXFileReference; lastKnownFileType = sourcecode.swift; path = "CLLocationCoordinate2D+EquatableTests.swift"; sourceTree = "<group>"; };
		BCA8C9702AB0BED100B9CFFD /* UserDefaultsManager.swift */ = {isa = PBXFileReference; lastKnownFileType = sourcecode.swift; path = UserDefaultsManager.swift; sourceTree = "<group>"; };
		BCA8C9722AB10D9900B9CFFD /* HapticFeedbackHelper.swift */ = {isa = PBXFileReference; lastKnownFileType = sourcecode.swift; path = HapticFeedbackHelper.swift; sourceTree = "<group>"; };
		BCA8C9742AB1287500B9CFFD /* TicketsTableViewCell.swift */ = {isa = PBXFileReference; lastKnownFileType = sourcecode.swift; path = TicketsTableViewCell.swift; sourceTree = "<group>"; };
		BCC91E8B2AACD77B00DED263 /* Eventize.app */ = {isa = PBXFileReference; explicitFileType = wrapper.application; includeInIndex = 0; path = Eventize.app; sourceTree = BUILT_PRODUCTS_DIR; };
		BCC91E8E2AACD77B00DED263 /* AppDelegate.swift */ = {isa = PBXFileReference; lastKnownFileType = sourcecode.swift; path = AppDelegate.swift; sourceTree = "<group>"; };
		BCC91E902AACD77B00DED263 /* SceneDelegate.swift */ = {isa = PBXFileReference; lastKnownFileType = sourcecode.swift; path = SceneDelegate.swift; sourceTree = "<group>"; };
		BCC91E952AACD77B00DED263 /* Base */ = {isa = PBXFileReference; lastKnownFileType = file.storyboard; name = Base; path = Base.lproj/Main.storyboard; sourceTree = "<group>"; };
		BCC91E972AACD77C00DED263 /* Assets.xcassets */ = {isa = PBXFileReference; lastKnownFileType = folder.assetcatalog; path = Assets.xcassets; sourceTree = "<group>"; };
		BCC91E9A2AACD77C00DED263 /* Base */ = {isa = PBXFileReference; lastKnownFileType = file.storyboard; name = Base; path = Base.lproj/LaunchScreen.storyboard; sourceTree = "<group>"; };
		BCC91E9C2AACD77C00DED263 /* Info.plist */ = {isa = PBXFileReference; lastKnownFileType = text.plist.xml; path = Info.plist; sourceTree = "<group>"; };
		BCC91EA12AACD77C00DED263 /* EventizeTests.xctest */ = {isa = PBXFileReference; explicitFileType = wrapper.cfbundle; includeInIndex = 0; path = EventizeTests.xctest; sourceTree = BUILT_PRODUCTS_DIR; };
		BCC91F042AACD8AB00DED263 /* EventsModels.swift */ = {isa = PBXFileReference; fileEncoding = 4; lastKnownFileType = sourcecode.swift; path = EventsModels.swift; sourceTree = "<group>"; };
		BCC91F052AACD8AB00DED263 /* EventsInteractor.swift */ = {isa = PBXFileReference; fileEncoding = 4; lastKnownFileType = sourcecode.swift; path = EventsInteractor.swift; sourceTree = "<group>"; };
		BCC91F062AACD8AB00DED263 /* EventsViewController.swift */ = {isa = PBXFileReference; fileEncoding = 4; lastKnownFileType = sourcecode.swift; path = EventsViewController.swift; sourceTree = "<group>"; };
		BCC91F072AACD8AB00DED263 /* EventsPresenter.swift */ = {isa = PBXFileReference; fileEncoding = 4; lastKnownFileType = sourcecode.swift; path = EventsPresenter.swift; sourceTree = "<group>"; };
		BCC91F082AACD8AB00DED263 /* EventsWorker.swift */ = {isa = PBXFileReference; fileEncoding = 4; lastKnownFileType = sourcecode.swift; path = EventsWorker.swift; sourceTree = "<group>"; };
		BCC91F092AACD8AB00DED263 /* EventsRouter.swift */ = {isa = PBXFileReference; fileEncoding = 4; lastKnownFileType = sourcecode.swift; path = EventsRouter.swift; sourceTree = "<group>"; };
		BCC91F4A2AACDD5200DED263 /* EventPresenter.swift */ = {isa = PBXFileReference; lastKnownFileType = sourcecode.swift; path = EventPresenter.swift; sourceTree = "<group>"; };
		BCC91F4B2AACDD5200DED263 /* EventWorker.swift */ = {isa = PBXFileReference; lastKnownFileType = sourcecode.swift; path = EventWorker.swift; sourceTree = "<group>"; };
		BCC91F4C2AACDD5200DED263 /* EventRouter.swift */ = {isa = PBXFileReference; lastKnownFileType = sourcecode.swift; path = EventRouter.swift; sourceTree = "<group>"; };
		BCC91F4D2AACDD5200DED263 /* EventModels.swift */ = {isa = PBXFileReference; lastKnownFileType = sourcecode.swift; path = EventModels.swift; sourceTree = "<group>"; };
		BCC91F4E2AACDD5200DED263 /* EventViewController.swift */ = {isa = PBXFileReference; lastKnownFileType = sourcecode.swift; path = EventViewController.swift; sourceTree = "<group>"; };
		BCC91F4F2AACDD5200DED263 /* EventInteractor.swift */ = {isa = PBXFileReference; lastKnownFileType = sourcecode.swift; path = EventInteractor.swift; sourceTree = "<group>"; };
		BCF0BB782AB82B91004CB9AE /* EventInteractorTests.swift */ = {isa = PBXFileReference; lastKnownFileType = sourcecode.swift; path = EventInteractorTests.swift; sourceTree = "<group>"; };
		BCF0BB7B2AB82CD3004CB9AE /* EventsInteractorTests.swift */ = {isa = PBXFileReference; lastKnownFileType = sourcecode.swift; path = EventsInteractorTests.swift; sourceTree = "<group>"; };
		BCF0BB7E2AB838CE004CB9AE /* TicketsInteractorTests.swift */ = {isa = PBXFileReference; lastKnownFileType = sourcecode.swift; path = TicketsInteractorTests.swift; sourceTree = "<group>"; };
		BCF0BB842AB83D54004CB9AE /* EventizeSnapshotTests.xctest */ = {isa = PBXFileReference; explicitFileType = wrapper.cfbundle; includeInIndex = 0; path = EventizeSnapshotTests.xctest; sourceTree = BUILT_PRODUCTS_DIR; };
		BCF0BB902AB83DCF004CB9AE /* UIImage+convertToBlackAndWhiteTests.swift */ = {isa = PBXFileReference; fileEncoding = 4; lastKnownFileType = sourcecode.swift; path = "UIImage+convertToBlackAndWhiteTests.swift"; sourceTree = "<group>"; };
		BCF0BB922AB84177004CB9AE /* UIView+addRoundedCornersAndShadow.swift */ = {isa = PBXFileReference; lastKnownFileType = sourcecode.swift; path = "UIView+addRoundedCornersAndShadow.swift"; sourceTree = "<group>"; };
		BCF0BB942AB84194004CB9AE /* UIView+addTopAndBottomSeparators.swift */ = {isa = PBXFileReference; lastKnownFileType = sourcecode.swift; path = "UIView+addTopAndBottomSeparators.swift"; sourceTree = "<group>"; };
/* End PBXFileReference section */

/* Begin PBXFrameworksBuildPhase section */
		BCC91E882AACD77B00DED263 /* Frameworks */ = {
			isa = PBXFrameworksBuildPhase;
			buildActionMask = 2147483647;
			files = (
			);
			runOnlyForDeploymentPostprocessing = 0;
		};
		BCC91E9E2AACD77C00DED263 /* Frameworks */ = {
			isa = PBXFrameworksBuildPhase;
			buildActionMask = 2147483647;
			files = (
			);
			runOnlyForDeploymentPostprocessing = 0;
		};
		BCF0BB812AB83D54004CB9AE /* Frameworks */ = {
			isa = PBXFrameworksBuildPhase;
			buildActionMask = 2147483647;
			files = (
				BCF0BB8F2AB83D97004CB9AE /* SnapshotTesting in Frameworks */,
			);
			runOnlyForDeploymentPostprocessing = 0;
		};
/* End PBXFrameworksBuildPhase section */

/* Begin PBXGroup section */
		BC3BE0732AAD1F4800BA0006 /* Tickets */ = {
			isa = PBXGroup;
			children = (
				BC3BE0742AAD1F5E00BA0006 /* TicketsPresenter.swift */,
				BC3BE0752AAD1F5E00BA0006 /* TicketsWorker.swift */,
				BC3BE0762AAD1F5E00BA0006 /* TicketsRouter.swift */,
				BC3BE0772AAD1F5E00BA0006 /* TicketsModels.swift */,
				BC3BE0782AAD1F5E00BA0006 /* TicketsViewController.swift */,
				BC3BE0792AAD1F5E00BA0006 /* TicketsInteractor.swift */,
				BCA8C9742AB1287500B9CFFD /* TicketsTableViewCell.swift */,
			);
			path = Tickets;
			sourceTree = "<group>";
		};
		BC3BE0822AAE6A5600BA0006 /* Networking */ = {
			isa = PBXGroup;
			children = (
				BC3BE0802AAE67DD00BA0006 /* JsonMocks.swift */,
				BC3BE0832AAE6A6100BA0006 /* LogError.swift */,
				BC3BE0862AAE6A9B00BA0006 /* NetworkManager.swift */,
			);
			path = Networking;
			sourceTree = "<group>";
		};
		BC3BE0882AAE728500BA0006 /* Components */ = {
			isa = PBXGroup;
			children = (
				BC3BE0892AAE729300BA0006 /* NetworkImageView.swift */,
			);
			path = Components;
			sourceTree = "<group>";
		};
		BC3BE08F2AAEDEFA00BA0006 /* Helpers */ = {
			isa = PBXGroup;
			children = (
				BC3BE0902AAEDF0800BA0006 /* LocationManager.swift */,
				BCA8C9702AB0BED100B9CFFD /* UserDefaultsManager.swift */,
				BCA8C9722AB10D9900B9CFFD /* HapticFeedbackHelper.swift */,
			);
			path = Helpers;
			sourceTree = "<group>";
		};
		BC3BE0922AAF57CD00BA0006 /* TableViewCells */ = {
			isa = PBXGroup;
			children = (
				BC545EBF2AACEA5100634334 /* EventsTableViewCell.swift */,
				BC3BE08B2AAED1EC00BA0006 /* EventsTableViewHeader.swift */,
				BC3BE0932AAF57E900BA0006 /* EventsMapTableViewCell.swift */,
			);
			path = TableViewCells;
			sourceTree = "<group>";
		};
		BC545EC12AACF65300634334 /* Extensions */ = {
			isa = PBXGroup;
			children = (
				BC545EC22AACF67300634334 /* Double+asCurrency.swift */,
				BC545EC52AAD02D000634334 /* UIImage+convertToBlackAndWhite.swift */,
				BC545EC72AAD064500634334 /* Collection+safe.swift */,
				BC3BE0712AAD171000BA0006 /* UIView+addRoundedCornersAndShadow.swift */,
				BC3BE08D2AAEDB3700BA0006 /* UIView+addTopAndBottomSeparators.swift */,
				BC570DED2AB6388700FF81A2 /* CLLocationCoordinate2D+Equatable.swift */,
			);
			path = Extensions;
			sourceTree = "<group>";
		};
		BC570DE72AB6339F00FF81A2 /* Events */ = {
			isa = PBXGroup;
			children = (
			);
			path = Events;
			sourceTree = "<group>";
		};
		BC570DE82AB633DF00FF81A2 /* Helpers */ = {
			isa = PBXGroup;
			children = (
				BC570DE92AB633EB00FF81A2 /* UserDefaultsManagerTests.swift */,
				BC570DEB2AB6366700FF81A2 /* LocationManagerTests.swift */,
				BC570DEF2AB63CEB00FF81A2 /* HapticFeedbackHelperTests.swift */,
			);
			path = Helpers;
			sourceTree = "<group>";
		};
		BC570DF12AB63DA600FF81A2 /* Networking */ = {
			isa = PBXGroup;
			children = (
				BC570DF22AB63DAF00FF81A2 /* NetworkManagerTests.swift */,
			);
			path = Networking;
			sourceTree = "<group>";
		};
		BC7788AE2AB6444D00C78C47 /* Extensions */ = {
			isa = PBXGroup;
			children = (
				BC7788AF2AB6446100C78C47 /* Double+asCurrencyTests.swift */,
				BC7788B32AB6448200C78C47 /* Collection+safeTests.swift */,
				BC7788B92AB644A800C78C47 /* CLLocationCoordinate2D+EquatableTests.swift */,
			);
			path = Extensions;
			sourceTree = "<group>";
		};
		BCC91E822AACD77B00DED263 = {
			isa = PBXGroup;
			children = (
				BCC91E8D2AACD77B00DED263 /* Eventize */,
				BCC91EA42AACD77C00DED263 /* EventizeTests */,
				BCF0BB852AB83D54004CB9AE /* EventizeSnapshotTests */,
				BCC91E8C2AACD77B00DED263 /* Products */,
			);
			sourceTree = "<group>";
		};
		BCC91E8C2AACD77B00DED263 /* Products */ = {
			isa = PBXGroup;
			children = (
				BCC91E8B2AACD77B00DED263 /* Eventize.app */,
				BCC91EA12AACD77C00DED263 /* EventizeTests.xctest */,
				BCF0BB842AB83D54004CB9AE /* EventizeSnapshotTests.xctest */,
			);
			name = Products;
			sourceTree = "<group>";
		};
		BCC91E8D2AACD77B00DED263 /* Eventize */ = {
			isa = PBXGroup;
			children = (
				BC3BE08F2AAEDEFA00BA0006 /* Helpers */,
				BC3BE0882AAE728500BA0006 /* Components */,
				BC3BE0822AAE6A5600BA0006 /* Networking */,
				BC545EC12AACF65300634334 /* Extensions */,
				BCC91EC12AACD80B00DED263 /* Application */,
				BCC91EC02AACD7D000DED263 /* Resources */,
				BCC91EC22AACD82700DED263 /* Scenes */,
				BCC91E9C2AACD77C00DED263 /* Info.plist */,
			);
			path = Eventize;
			sourceTree = "<group>";
		};
		BCC91EA42AACD77C00DED263 /* EventizeTests */ = {
			isa = PBXGroup;
			children = (
				BCF0BB762AB82B7E004CB9AE /* Scenes */,
				BC7788AE2AB6444D00C78C47 /* Extensions */,
				BC570DF12AB63DA600FF81A2 /* Networking */,
				BC570DE82AB633DF00FF81A2 /* Helpers */,
				BC570DE72AB6339F00FF81A2 /* Events */,
			);
			path = EventizeTests;
			sourceTree = "<group>";
		};
		BCC91EC02AACD7D000DED263 /* Resources */ = {
			isa = PBXGroup;
			children = (
				BCC91E942AACD77B00DED263 /* Main.storyboard */,
				BCC91E992AACD77C00DED263 /* LaunchScreen.storyboard */,
				BCC91E972AACD77C00DED263 /* Assets.xcassets */,
			);
			path = Resources;
			sourceTree = "<group>";
		};
		BCC91EC12AACD80B00DED263 /* Application */ = {
			isa = PBXGroup;
			children = (
				BCC91E8E2AACD77B00DED263 /* AppDelegate.swift */,
				BCC91E902AACD77B00DED263 /* SceneDelegate.swift */,
			);
			path = Application;
			sourceTree = "<group>";
		};
		BCC91EC22AACD82700DED263 /* Scenes */ = {
			isa = PBXGroup;
			children = (
				BC3BE0732AAD1F4800BA0006 /* Tickets */,
				BCC91F492AACDD3B00DED263 /* Event */,
				BCC91EC32AACD83C00DED263 /* Events */,
			);
			path = Scenes;
			sourceTree = "<group>";
		};
		BCC91EC32AACD83C00DED263 /* Events */ = {
			isa = PBXGroup;
			children = (
				BC3BE0922AAF57CD00BA0006 /* TableViewCells */,
				BCC91F052AACD8AB00DED263 /* EventsInteractor.swift */,
				BCC91F042AACD8AB00DED263 /* EventsModels.swift */,
				BCC91F072AACD8AB00DED263 /* EventsPresenter.swift */,
				BCC91F092AACD8AB00DED263 /* EventsRouter.swift */,
				BCC91F062AACD8AB00DED263 /* EventsViewController.swift */,
				BCC91F082AACD8AB00DED263 /* EventsWorker.swift */,
			);
			path = Events;
			sourceTree = "<group>";
		};
		BCC91F492AACDD3B00DED263 /* Event */ = {
			isa = PBXGroup;
			children = (
				BCC91F4A2AACDD5200DED263 /* EventPresenter.swift */,
				BCC91F4B2AACDD5200DED263 /* EventWorker.swift */,
				BCC91F4C2AACDD5200DED263 /* EventRouter.swift */,
				BCC91F4D2AACDD5200DED263 /* EventModels.swift */,
				BCC91F4E2AACDD5200DED263 /* EventViewController.swift */,
				BCC91F4F2AACDD5200DED263 /* EventInteractor.swift */,
			);
			path = Event;
			sourceTree = "<group>";
		};
		BCF0BB762AB82B7E004CB9AE /* Scenes */ = {
			isa = PBXGroup;
			children = (
				BCF0BB7D2AB838C4004CB9AE /* Tickets */,
				BCF0BB7A2AB82C96004CB9AE /* Events */,
				BCF0BB772AB82B83004CB9AE /* Event */,
			);
			path = Scenes;
			sourceTree = "<group>";
		};
		BCF0BB772AB82B83004CB9AE /* Event */ = {
			isa = PBXGroup;
			children = (
				BCF0BB782AB82B91004CB9AE /* EventInteractorTests.swift */,
			);
			path = Event;
			sourceTree = "<group>";
		};
		BCF0BB7A2AB82C96004CB9AE /* Events */ = {
			isa = PBXGroup;
			children = (
				BCF0BB7B2AB82CD3004CB9AE /* EventsInteractorTests.swift */,
			);
			path = Events;
			sourceTree = "<group>";
		};
		BCF0BB7D2AB838C4004CB9AE /* Tickets */ = {
			isa = PBXGroup;
			children = (
				BCF0BB7E2AB838CE004CB9AE /* TicketsInteractorTests.swift */,
			);
			path = Tickets;
			sourceTree = "<group>";
		};
		BCF0BB852AB83D54004CB9AE /* EventizeSnapshotTests */ = {
			isa = PBXGroup;
			children = (
				BCF0BB902AB83DCF004CB9AE /* UIImage+convertToBlackAndWhiteTests.swift */,
				BCF0BB922AB84177004CB9AE /* UIView+addRoundedCornersAndShadow.swift */,
				BCF0BB942AB84194004CB9AE /* UIView+addTopAndBottomSeparators.swift */,
			);
			path = EventizeSnapshotTests;
			sourceTree = "<group>";
		};
/* End PBXGroup section */

/* Begin PBXNativeTarget section */
		BCC91E8A2AACD77B00DED263 /* Eventize */ = {
			isa = PBXNativeTarget;
			buildConfigurationList = BCC91EB52AACD77C00DED263 /* Build configuration list for PBXNativeTarget "Eventize" */;
			buildPhases = (
				BCC91E872AACD77B00DED263 /* Sources */,
				BCC91E882AACD77B00DED263 /* Frameworks */,
				BCC91E892AACD77B00DED263 /* Resources */,
			);
			buildRules = (
			);
			dependencies = (
			);
			name = Eventize;
			packageProductDependencies = (
			);
			productName = Eventize;
			productReference = BCC91E8B2AACD77B00DED263 /* Eventize.app */;
			productType = "com.apple.product-type.application";
		};
		BCC91EA02AACD77C00DED263 /* EventizeTests */ = {
			isa = PBXNativeTarget;
			buildConfigurationList = BCC91EB82AACD77C00DED263 /* Build configuration list for PBXNativeTarget "EventizeTests" */;
			buildPhases = (
				BCC91E9D2AACD77C00DED263 /* Sources */,
				BCC91E9E2AACD77C00DED263 /* Frameworks */,
				BCC91E9F2AACD77C00DED263 /* Resources */,
			);
			buildRules = (
			);
			dependencies = (
				BCC91EA32AACD77C00DED263 /* PBXTargetDependency */,
			);
			name = EventizeTests;
			productName = EventizeTests;
			productReference = BCC91EA12AACD77C00DED263 /* EventizeTests.xctest */;
			productType = "com.apple.product-type.bundle.unit-test";
		};
		BCF0BB832AB83D54004CB9AE /* EventizeSnapshotTests */ = {
			isa = PBXNativeTarget;
			buildConfigurationList = BCF0BB8A2AB83D54004CB9AE /* Build configuration list for PBXNativeTarget "EventizeSnapshotTests" */;
			buildPhases = (
				BCF0BB802AB83D54004CB9AE /* Sources */,
				BCF0BB812AB83D54004CB9AE /* Frameworks */,
				BCF0BB822AB83D54004CB9AE /* Resources */,
			);
			buildRules = (
			);
			dependencies = (
				BCF0BB892AB83D54004CB9AE /* PBXTargetDependency */,
			);
			name = EventizeSnapshotTests;
			packageProductDependencies = (
				BCF0BB8E2AB83D97004CB9AE /* SnapshotTesting */,
			);
			productName = EventizeSnapshotTests;
			productReference = BCF0BB842AB83D54004CB9AE /* EventizeSnapshotTests.xctest */;
			productType = "com.apple.product-type.bundle.unit-test";
		};
/* End PBXNativeTarget section */

/* Begin PBXProject section */
		BCC91E832AACD77B00DED263 /* Project object */ = {
			isa = PBXProject;
			attributes = {
				BuildIndependentTargetsInParallel = 1;
				LastSwiftUpdateCheck = 1430;
				LastUpgradeCheck = 1430;
				TargetAttributes = {
					BCC91E8A2AACD77B00DED263 = {
						CreatedOnToolsVersion = 14.3.1;
					};
					BCC91EA02AACD77C00DED263 = {
						CreatedOnToolsVersion = 14.3.1;
						TestTargetID = BCC91E8A2AACD77B00DED263;
					};
					BCF0BB832AB83D54004CB9AE = {
						CreatedOnToolsVersion = 14.3.1;
						TestTargetID = BCC91E8A2AACD77B00DED263;
					};
				};
			};
			buildConfigurationList = BCC91E862AACD77B00DED263 /* Build configuration list for PBXProject "Eventize" */;
			compatibilityVersion = "Xcode 14.0";
			developmentRegion = en;
			hasScannedForEncodings = 0;
			knownRegions = (
				en,
				Base,
			);
			mainGroup = BCC91E822AACD77B00DED263;
			packageReferences = (
				BCF0BB6F2AB828AA004CB9AE /* XCRemoteSwiftPackageReference "ios-snapshot-test-case" */,
				BCF0BB8D2AB83D97004CB9AE /* XCRemoteSwiftPackageReference "swift-snapshot-testing" */,
			);
			productRefGroup = BCC91E8C2AACD77B00DED263 /* Products */;
			projectDirPath = "";
			projectRoot = "";
			targets = (
				BCC91E8A2AACD77B00DED263 /* Eventize */,
				BCC91EA02AACD77C00DED263 /* EventizeTests */,
				BCF0BB832AB83D54004CB9AE /* EventizeSnapshotTests */,
			);
		};
/* End PBXProject section */

/* Begin PBXResourcesBuildPhase section */
		BCC91E892AACD77B00DED263 /* Resources */ = {
			isa = PBXResourcesBuildPhase;
			buildActionMask = 2147483647;
			files = (
				BCC91E9B2AACD77C00DED263 /* LaunchScreen.storyboard in Resources */,
				BCC91E982AACD77C00DED263 /* Assets.xcassets in Resources */,
				BCC91E962AACD77B00DED263 /* Main.storyboard in Resources */,
			);
			runOnlyForDeploymentPostprocessing = 0;
		};
		BCC91E9F2AACD77C00DED263 /* Resources */ = {
			isa = PBXResourcesBuildPhase;
			buildActionMask = 2147483647;
			files = (
			);
			runOnlyForDeploymentPostprocessing = 0;
		};
		BCF0BB822AB83D54004CB9AE /* Resources */ = {
			isa = PBXResourcesBuildPhase;
			buildActionMask = 2147483647;
			files = (
			);
			runOnlyForDeploymentPostprocessing = 0;
		};
/* End PBXResourcesBuildPhase section */

/* Begin PBXSourcesBuildPhase section */
		BCC91E872AACD77B00DED263 /* Sources */ = {
			isa = PBXSourcesBuildPhase;
			buildActionMask = 2147483647;
			files = (
				BCC91F0A2AACD8AB00DED263 /* EventsModels.swift in Sources */,
				BCA8C9732AB10D9900B9CFFD /* HapticFeedbackHelper.swift in Sources */,
				BC570DEE2AB6388700FF81A2 /* CLLocationCoordinate2D+Equatable.swift in Sources */,
				BC3BE0942AAF57E900BA0006 /* EventsMapTableViewCell.swift in Sources */,
				BCC91F502AACDD5200DED263 /* EventPresenter.swift in Sources */,
				BC3BE0842AAE6A6100BA0006 /* LogError.swift in Sources */,
				BCC91F0E2AACD8AB00DED263 /* EventsWorker.swift in Sources */,
				BC3BE07A2AAD1F5E00BA0006 /* TicketsPresenter.swift in Sources */,
				BCC91F0F2AACD8AB00DED263 /* EventsRouter.swift in Sources */,
				BC3BE07C2AAD1F5E00BA0006 /* TicketsRouter.swift in Sources */,
				BC3BE08C2AAED1EC00BA0006 /* EventsTableViewHeader.swift in Sources */,
				BC3BE0872AAE6A9B00BA0006 /* NetworkManager.swift in Sources */,
				BCC91F0C2AACD8AB00DED263 /* EventsViewController.swift in Sources */,
				BC545EC82AAD064500634334 /* Collection+safe.swift in Sources */,
				BC3BE0722AAD171000BA0006 /* UIView+addRoundedCornersAndShadow.swift in Sources */,
				BCC91F0D2AACD8AB00DED263 /* EventsPresenter.swift in Sources */,
				BC3BE07D2AAD1F5E00BA0006 /* TicketsModels.swift in Sources */,
				BC3BE08A2AAE729300BA0006 /* NetworkImageView.swift in Sources */,
				BCC91E8F2AACD77B00DED263 /* AppDelegate.swift in Sources */,
				BC3BE07E2AAD1F5E00BA0006 /* TicketsViewController.swift in Sources */,
				BCA8C9752AB1287500B9CFFD /* TicketsTableViewCell.swift in Sources */,
				BC545EC62AAD02D000634334 /* UIImage+convertToBlackAndWhite.swift in Sources */,
				BCC91F0B2AACD8AB00DED263 /* EventsInteractor.swift in Sources */,
				BCC91F532AACDD5200DED263 /* EventModels.swift in Sources */,
				BCC91E912AACD77B00DED263 /* SceneDelegate.swift in Sources */,
				BC545EC02AACEA5100634334 /* EventsTableViewCell.swift in Sources */,
				BCC91F542AACDD5200DED263 /* EventViewController.swift in Sources */,
				BC545EC32AACF67300634334 /* Double+asCurrency.swift in Sources */,
				BC3BE08E2AAEDB3700BA0006 /* UIView+addTopAndBottomSeparators.swift in Sources */,
				BC3BE07F2AAD1F5E00BA0006 /* TicketsInteractor.swift in Sources */,
				BCC91F522AACDD5200DED263 /* EventRouter.swift in Sources */,
				BCC91F512AACDD5200DED263 /* EventWorker.swift in Sources */,
				BCC91F552AACDD5200DED263 /* EventInteractor.swift in Sources */,
				BCA8C9712AB0BED100B9CFFD /* UserDefaultsManager.swift in Sources */,
				BC3BE0912AAEDF0800BA0006 /* LocationManager.swift in Sources */,
				BC3BE07B2AAD1F5E00BA0006 /* TicketsWorker.swift in Sources */,
				BC3BE0812AAE67DD00BA0006 /* JsonMocks.swift in Sources */,
			);
			runOnlyForDeploymentPostprocessing = 0;
		};
		BCC91E9D2AACD77C00DED263 /* Sources */ = {
			isa = PBXSourcesBuildPhase;
			buildActionMask = 2147483647;
			files = (
				BCF0BB7F2AB838CE004CB9AE /* TicketsInteractorTests.swift in Sources */,
				BC7788B02AB6446100C78C47 /* Double+asCurrencyTests.swift in Sources */,
				BC7788B42AB6448200C78C47 /* Collection+safeTests.swift in Sources */,
				BC570DF32AB63DAF00FF81A2 /* NetworkManagerTests.swift in Sources */,
				BCF0BB7C2AB82CD3004CB9AE /* EventsInteractorTests.swift in Sources */,
				BC570DF02AB63CEB00FF81A2 /* HapticFeedbackHelperTests.swift in Sources */,
				BC570DEC2AB6366700FF81A2 /* LocationManagerTests.swift in Sources */,
				BCF0BB792AB82B91004CB9AE /* EventInteractorTests.swift in Sources */,
				BC7788BA2AB644A800C78C47 /* CLLocationCoordinate2D+EquatableTests.swift in Sources */,
				BC570DEA2AB633EB00FF81A2 /* UserDefaultsManagerTests.swift in Sources */,
			);
			runOnlyForDeploymentPostprocessing = 0;
		};
		BCF0BB802AB83D54004CB9AE /* Sources */ = {
			isa = PBXSourcesBuildPhase;
			buildActionMask = 2147483647;
			files = (
				BCF0BB912AB83DCF004CB9AE /* UIImage+convertToBlackAndWhiteTests.swift in Sources */,
				BCF0BB952AB84194004CB9AE /* UIView+addTopAndBottomSeparators.swift in Sources */,
				BCF0BB932AB84177004CB9AE /* UIView+addRoundedCornersAndShadow.swift in Sources */,
			);
			runOnlyForDeploymentPostprocessing = 0;
		};
/* End PBXSourcesBuildPhase section */

/* Begin PBXTargetDependency section */
		BCC91EA32AACD77C00DED263 /* PBXTargetDependency */ = {
			isa = PBXTargetDependency;
			target = BCC91E8A2AACD77B00DED263 /* Eventize */;
			targetProxy = BCC91EA22AACD77C00DED263 /* PBXContainerItemProxy */;
		};
		BCF0BB892AB83D54004CB9AE /* PBXTargetDependency */ = {
			isa = PBXTargetDependency;
			target = BCC91E8A2AACD77B00DED263 /* Eventize */;
			targetProxy = BCF0BB882AB83D54004CB9AE /* PBXContainerItemProxy */;
		};
/* End PBXTargetDependency section */

/* Begin PBXVariantGroup section */
		BCC91E942AACD77B00DED263 /* Main.storyboard */ = {
			isa = PBXVariantGroup;
			children = (
				BCC91E952AACD77B00DED263 /* Base */,
			);
			name = Main.storyboard;
			sourceTree = "<group>";
		};
		BCC91E992AACD77C00DED263 /* LaunchScreen.storyboard */ = {
			isa = PBXVariantGroup;
			children = (
				BCC91E9A2AACD77C00DED263 /* Base */,
			);
			name = LaunchScreen.storyboard;
			sourceTree = "<group>";
		};
/* End PBXVariantGroup section */

/* Begin XCBuildConfiguration section */
		BCC91EB32AACD77C00DED263 /* Debug */ = {
			isa = XCBuildConfiguration;
			buildSettings = {
				ALWAYS_SEARCH_USER_PATHS = NO;
				CLANG_ANALYZER_NONNULL = YES;
				CLANG_ANALYZER_NUMBER_OBJECT_CONVERSION = YES_AGGRESSIVE;
				CLANG_CXX_LANGUAGE_STANDARD = "gnu++20";
				CLANG_ENABLE_MODULES = YES;
				CLANG_ENABLE_OBJC_ARC = YES;
				CLANG_ENABLE_OBJC_WEAK = YES;
				CLANG_WARN_BLOCK_CAPTURE_AUTORELEASING = YES;
				CLANG_WARN_BOOL_CONVERSION = YES;
				CLANG_WARN_COMMA = YES;
				CLANG_WARN_CONSTANT_CONVERSION = YES;
				CLANG_WARN_DEPRECATED_OBJC_IMPLEMENTATIONS = YES;
				CLANG_WARN_DIRECT_OBJC_ISA_USAGE = YES_ERROR;
				CLANG_WARN_DOCUMENTATION_COMMENTS = YES;
				CLANG_WARN_EMPTY_BODY = YES;
				CLANG_WARN_ENUM_CONVERSION = YES;
				CLANG_WARN_INFINITE_RECURSION = YES;
				CLANG_WARN_INT_CONVERSION = YES;
				CLANG_WARN_NON_LITERAL_NULL_CONVERSION = YES;
				CLANG_WARN_OBJC_IMPLICIT_RETAIN_SELF = YES;
				CLANG_WARN_OBJC_LITERAL_CONVERSION = YES;
				CLANG_WARN_OBJC_ROOT_CLASS = YES_ERROR;
				CLANG_WARN_QUOTED_INCLUDE_IN_FRAMEWORK_HEADER = YES;
				CLANG_WARN_RANGE_LOOP_ANALYSIS = YES;
				CLANG_WARN_STRICT_PROTOTYPES = YES;
				CLANG_WARN_SUSPICIOUS_MOVE = YES;
				CLANG_WARN_UNGUARDED_AVAILABILITY = YES_AGGRESSIVE;
				CLANG_WARN_UNREACHABLE_CODE = YES;
				CLANG_WARN__DUPLICATE_METHOD_MATCH = YES;
				COPY_PHASE_STRIP = NO;
				DEBUG_INFORMATION_FORMAT = dwarf;
				ENABLE_STRICT_OBJC_MSGSEND = YES;
				ENABLE_TESTABILITY = YES;
				GCC_C_LANGUAGE_STANDARD = gnu11;
				GCC_DYNAMIC_NO_PIC = NO;
				GCC_NO_COMMON_BLOCKS = YES;
				GCC_OPTIMIZATION_LEVEL = 0;
				GCC_PREPROCESSOR_DEFINITIONS = (
					"DEBUG=1",
					"$(inherited)",
				);
				GCC_WARN_64_TO_32_BIT_CONVERSION = YES;
				GCC_WARN_ABOUT_RETURN_TYPE = YES_ERROR;
				GCC_WARN_UNDECLARED_SELECTOR = YES;
				GCC_WARN_UNINITIALIZED_AUTOS = YES_AGGRESSIVE;
				GCC_WARN_UNUSED_FUNCTION = YES;
				GCC_WARN_UNUSED_VARIABLE = YES;
				IPHONEOS_DEPLOYMENT_TARGET = 16.4;
				MTL_ENABLE_DEBUG_INFO = INCLUDE_SOURCE;
				MTL_FAST_MATH = YES;
				ONLY_ACTIVE_ARCH = YES;
				SDKROOT = iphoneos;
				SWIFT_ACTIVE_COMPILATION_CONDITIONS = DEBUG;
				SWIFT_OPTIMIZATION_LEVEL = "-Onone";
			};
			name = Debug;
		};
		BCC91EB42AACD77C00DED263 /* Release */ = {
			isa = XCBuildConfiguration;
			buildSettings = {
				ALWAYS_SEARCH_USER_PATHS = NO;
				CLANG_ANALYZER_NONNULL = YES;
				CLANG_ANALYZER_NUMBER_OBJECT_CONVERSION = YES_AGGRESSIVE;
				CLANG_CXX_LANGUAGE_STANDARD = "gnu++20";
				CLANG_ENABLE_MODULES = YES;
				CLANG_ENABLE_OBJC_ARC = YES;
				CLANG_ENABLE_OBJC_WEAK = YES;
				CLANG_WARN_BLOCK_CAPTURE_AUTORELEASING = YES;
				CLANG_WARN_BOOL_CONVERSION = YES;
				CLANG_WARN_COMMA = YES;
				CLANG_WARN_CONSTANT_CONVERSION = YES;
				CLANG_WARN_DEPRECATED_OBJC_IMPLEMENTATIONS = YES;
				CLANG_WARN_DIRECT_OBJC_ISA_USAGE = YES_ERROR;
				CLANG_WARN_DOCUMENTATION_COMMENTS = YES;
				CLANG_WARN_EMPTY_BODY = YES;
				CLANG_WARN_ENUM_CONVERSION = YES;
				CLANG_WARN_INFINITE_RECURSION = YES;
				CLANG_WARN_INT_CONVERSION = YES;
				CLANG_WARN_NON_LITERAL_NULL_CONVERSION = YES;
				CLANG_WARN_OBJC_IMPLICIT_RETAIN_SELF = YES;
				CLANG_WARN_OBJC_LITERAL_CONVERSION = YES;
				CLANG_WARN_OBJC_ROOT_CLASS = YES_ERROR;
				CLANG_WARN_QUOTED_INCLUDE_IN_FRAMEWORK_HEADER = YES;
				CLANG_WARN_RANGE_LOOP_ANALYSIS = YES;
				CLANG_WARN_STRICT_PROTOTYPES = YES;
				CLANG_WARN_SUSPICIOUS_MOVE = YES;
				CLANG_WARN_UNGUARDED_AVAILABILITY = YES_AGGRESSIVE;
				CLANG_WARN_UNREACHABLE_CODE = YES;
				CLANG_WARN__DUPLICATE_METHOD_MATCH = YES;
				COPY_PHASE_STRIP = NO;
				DEBUG_INFORMATION_FORMAT = "dwarf-with-dsym";
				ENABLE_NS_ASSERTIONS = NO;
				ENABLE_STRICT_OBJC_MSGSEND = YES;
				GCC_C_LANGUAGE_STANDARD = gnu11;
				GCC_NO_COMMON_BLOCKS = YES;
				GCC_WARN_64_TO_32_BIT_CONVERSION = YES;
				GCC_WARN_ABOUT_RETURN_TYPE = YES_ERROR;
				GCC_WARN_UNDECLARED_SELECTOR = YES;
				GCC_WARN_UNINITIALIZED_AUTOS = YES_AGGRESSIVE;
				GCC_WARN_UNUSED_FUNCTION = YES;
				GCC_WARN_UNUSED_VARIABLE = YES;
				IPHONEOS_DEPLOYMENT_TARGET = 16.4;
				MTL_ENABLE_DEBUG_INFO = NO;
				MTL_FAST_MATH = YES;
				SDKROOT = iphoneos;
				SWIFT_COMPILATION_MODE = wholemodule;
				SWIFT_OPTIMIZATION_LEVEL = "-O";
				VALIDATE_PRODUCT = YES;
			};
			name = Release;
		};
		BCC91EB62AACD77C00DED263 /* Debug */ = {
			isa = XCBuildConfiguration;
			buildSettings = {
				ASSETCATALOG_COMPILER_APPICON_NAME = AppIcon;
				ASSETCATALOG_COMPILER_GLOBAL_ACCENT_COLOR_NAME = AccentColor;
				CODE_SIGN_STYLE = Automatic;
				CURRENT_PROJECT_VERSION = 1;
				DEVELOPMENT_TEAM = AXWCGPT4H2;
				GENERATE_INFOPLIST_FILE = YES;
				INFOPLIST_FILE = Eventize/Info.plist;
				INFOPLIST_KEY_UIApplicationSupportsIndirectInputEvents = YES;
				INFOPLIST_KEY_UILaunchStoryboardName = LaunchScreen;
				INFOPLIST_KEY_UIMainStoryboardFile = Main;
				INFOPLIST_KEY_UISupportedInterfaceOrientations_iPad = "UIInterfaceOrientationPortrait UIInterfaceOrientationPortraitUpsideDown UIInterfaceOrientationLandscapeLeft UIInterfaceOrientationLandscapeRight";
				INFOPLIST_KEY_UISupportedInterfaceOrientations_iPhone = "UIInterfaceOrientationPortrait UIInterfaceOrientationLandscapeLeft UIInterfaceOrientationLandscapeRight";
				LD_RUNPATH_SEARCH_PATHS = (
					"$(inherited)",
					"@executable_path/Frameworks",
				);
				MARKETING_VERSION = 1.0;
				PRODUCT_BUNDLE_IDENTIFIER = "JJG-Tech.Eventize";
				PRODUCT_NAME = "$(TARGET_NAME)";
				SWIFT_EMIT_LOC_STRINGS = YES;
				SWIFT_VERSION = 5.0;
				TARGETED_DEVICE_FAMILY = "1,2";
			};
			name = Debug;
		};
		BCC91EB72AACD77C00DED263 /* Release */ = {
			isa = XCBuildConfiguration;
			buildSettings = {
				ASSETCATALOG_COMPILER_APPICON_NAME = AppIcon;
				ASSETCATALOG_COMPILER_GLOBAL_ACCENT_COLOR_NAME = AccentColor;
				CODE_SIGN_STYLE = Automatic;
				CURRENT_PROJECT_VERSION = 1;
				DEVELOPMENT_TEAM = AXWCGPT4H2;
				GENERATE_INFOPLIST_FILE = YES;
				INFOPLIST_FILE = Eventize/Info.plist;
				INFOPLIST_KEY_UIApplicationSupportsIndirectInputEvents = YES;
				INFOPLIST_KEY_UILaunchStoryboardName = LaunchScreen;
				INFOPLIST_KEY_UIMainStoryboardFile = Main;
				INFOPLIST_KEY_UISupportedInterfaceOrientations_iPad = "UIInterfaceOrientationPortrait UIInterfaceOrientationPortraitUpsideDown UIInterfaceOrientationLandscapeLeft UIInterfaceOrientationLandscapeRight";
				INFOPLIST_KEY_UISupportedInterfaceOrientations_iPhone = "UIInterfaceOrientationPortrait UIInterfaceOrientationLandscapeLeft UIInterfaceOrientationLandscapeRight";
				LD_RUNPATH_SEARCH_PATHS = (
					"$(inherited)",
					"@executable_path/Frameworks",
				);
				MARKETING_VERSION = 1.0;
				PRODUCT_BUNDLE_IDENTIFIER = "JJG-Tech.Eventize";
				PRODUCT_NAME = "$(TARGET_NAME)";
				SWIFT_EMIT_LOC_STRINGS = YES;
				SWIFT_VERSION = 5.0;
				TARGETED_DEVICE_FAMILY = "1,2";
			};
			name = Release;
		};
		BCC91EB92AACD77C00DED263 /* Debug */ = {
			isa = XCBuildConfiguration;
			buildSettings = {
				ALWAYS_EMBED_SWIFT_STANDARD_LIBRARIES = YES;
				BUNDLE_LOADER = "$(TEST_HOST)";
				CODE_SIGN_STYLE = Automatic;
				CURRENT_PROJECT_VERSION = 1;
				DEVELOPMENT_TEAM = AXWCGPT4H2;
				GENERATE_INFOPLIST_FILE = YES;
				IPHONEOS_DEPLOYMENT_TARGET = 16.4;
				MARKETING_VERSION = 1.0;
				PRODUCT_BUNDLE_IDENTIFIER = "JJG-Tech.EventizeTests";
				PRODUCT_NAME = "$(TARGET_NAME)";
				SWIFT_EMIT_LOC_STRINGS = NO;
				SWIFT_VERSION = 5.0;
				TARGETED_DEVICE_FAMILY = "1,2";
				TEST_HOST = "$(BUILT_PRODUCTS_DIR)/Eventize.app/$(BUNDLE_EXECUTABLE_FOLDER_PATH)/Eventize";
			};
			name = Debug;
		};
		BCC91EBA2AACD77C00DED263 /* Release */ = {
			isa = XCBuildConfiguration;
			buildSettings = {
				ALWAYS_EMBED_SWIFT_STANDARD_LIBRARIES = YES;
				BUNDLE_LOADER = "$(TEST_HOST)";
				CODE_SIGN_STYLE = Automatic;
				CURRENT_PROJECT_VERSION = 1;
				DEVELOPMENT_TEAM = AXWCGPT4H2;
				GENERATE_INFOPLIST_FILE = YES;
				IPHONEOS_DEPLOYMENT_TARGET = 16.4;
				MARKETING_VERSION = 1.0;
				PRODUCT_BUNDLE_IDENTIFIER = "JJG-Tech.EventizeTests";
				PRODUCT_NAME = "$(TARGET_NAME)";
				SWIFT_EMIT_LOC_STRINGS = NO;
				SWIFT_VERSION = 5.0;
				TARGETED_DEVICE_FAMILY = "1,2";
				TEST_HOST = "$(BUILT_PRODUCTS_DIR)/Eventize.app/$(BUNDLE_EXECUTABLE_FOLDER_PATH)/Eventize";
			};
			name = Release;
		};
		BCF0BB8B2AB83D54004CB9AE /* Debug */ = {
			isa = XCBuildConfiguration;
			buildSettings = {
				BUNDLE_LOADER = "$(TEST_HOST)";
				CODE_SIGN_STYLE = Automatic;
				CURRENT_PROJECT_VERSION = 1;
				DEVELOPMENT_TEAM = AXWCGPT4H2;
				GENERATE_INFOPLIST_FILE = YES;
				MARKETING_VERSION = 1.0;
				PRODUCT_BUNDLE_IDENTIFIER = "JJG-Tech.EventizeSnapshotTests";
				PRODUCT_NAME = "$(TARGET_NAME)";
				SWIFT_EMIT_LOC_STRINGS = NO;
				SWIFT_VERSION = 5.0;
				TARGETED_DEVICE_FAMILY = "1,2";
				TEST_HOST = "$(BUILT_PRODUCTS_DIR)/Eventize.app/$(BUNDLE_EXECUTABLE_FOLDER_PATH)/Eventize";
			};
			name = Debug;
		};
		BCF0BB8C2AB83D54004CB9AE /* Release */ = {
			isa = XCBuildConfiguration;
			buildSettings = {
				BUNDLE_LOADER = "$(TEST_HOST)";
				CODE_SIGN_STYLE = Automatic;
				CURRENT_PROJECT_VERSION = 1;
				DEVELOPMENT_TEAM = AXWCGPT4H2;
				GENERATE_INFOPLIST_FILE = YES;
				MARKETING_VERSION = 1.0;
				PRODUCT_BUNDLE_IDENTIFIER = "JJG-Tech.EventizeSnapshotTests";
				PRODUCT_NAME = "$(TARGET_NAME)";
				SWIFT_EMIT_LOC_STRINGS = NO;
				SWIFT_VERSION = 5.0;
				TARGETED_DEVICE_FAMILY = "1,2";
				TEST_HOST = "$(BUILT_PRODUCTS_DIR)/Eventize.app/$(BUNDLE_EXECUTABLE_FOLDER_PATH)/Eventize";
			};
			name = Release;
		};
/* End XCBuildConfiguration section */

/* Begin XCConfigurationList section */
		BCC91E862AACD77B00DED263 /* Build configuration list for PBXProject "Eventize" */ = {
			isa = XCConfigurationList;
			buildConfigurations = (
				BCC91EB32AACD77C00DED263 /* Debug */,
				BCC91EB42AACD77C00DED263 /* Release */,
			);
			defaultConfigurationIsVisible = 0;
			defaultConfigurationName = Release;
		};
		BCC91EB52AACD77C00DED263 /* Build configuration list for PBXNativeTarget "Eventize" */ = {
			isa = XCConfigurationList;
			buildConfigurations = (
				BCC91EB62AACD77C00DED263 /* Debug */,
				BCC91EB72AACD77C00DED263 /* Release */,
			);
			defaultConfigurationIsVisible = 0;
			defaultConfigurationName = Release;
		};
		BCC91EB82AACD77C00DED263 /* Build configuration list for PBXNativeTarget "EventizeTests" */ = {
			isa = XCConfigurationList;
			buildConfigurations = (
				BCC91EB92AACD77C00DED263 /* Debug */,
				BCC91EBA2AACD77C00DED263 /* Release */,
			);
			defaultConfigurationIsVisible = 0;
			defaultConfigurationName = Release;
		};
		BCF0BB8A2AB83D54004CB9AE /* Build configuration list for PBXNativeTarget "EventizeSnapshotTests" */ = {
			isa = XCConfigurationList;
			buildConfigurations = (
				BCF0BB8B2AB83D54004CB9AE /* Debug */,
				BCF0BB8C2AB83D54004CB9AE /* Release */,
			);
			defaultConfigurationIsVisible = 0;
			defaultConfigurationName = Release;
		};
/* End XCConfigurationList section */

/* Begin XCRemoteSwiftPackageReference section */
		BCF0BB6F2AB828AA004CB9AE /* XCRemoteSwiftPackageReference "ios-snapshot-test-case" */ = {
			isa = XCRemoteSwiftPackageReference;
			repositoryURL = "https://github.com/uber/ios-snapshot-test-case.git";
			requirement = {
				kind = upToNextMajorVersion;
				minimumVersion = 8.0.0;
			};
		};
		BCF0BB8D2AB83D97004CB9AE /* XCRemoteSwiftPackageReference "swift-snapshot-testing" */ = {
			isa = XCRemoteSwiftPackageReference;
			repositoryURL = "https://github.com/pointfreeco/swift-snapshot-testing.git";
			requirement = {
				kind = upToNextMinorVersion;
				minimumVersion = 1.13.0;
			};
		};
/* End XCRemoteSwiftPackageReference section */

/* Begin XCSwiftPackageProductDependency section */
		BCF0BB8E2AB83D97004CB9AE /* SnapshotTesting */ = {
			isa = XCSwiftPackageProductDependency;
			package = BCF0BB8D2AB83D97004CB9AE /* XCRemoteSwiftPackageReference "swift-snapshot-testing" */;
			productName = SnapshotTesting;
		};
/* End XCSwiftPackageProductDependency section */
	};
	rootObject = BCC91E832AACD77B00DED263 /* Project object */;
}
